// !$*UTF8*$!
{
	archiveVersion = 1;
	classes = {
	};
	objectVersion = 45;
	objects = {

/* Begin PBXBuildFile section */
		224276A611DD73E500940005 /* block.h in Headers */ = {isa = PBXBuildFile; fileRef = 2242766B11DD73E500940005 /* block.h */; };
		224276A711DD73E500940005 /* block.m in Sources */ = {isa = PBXBuildFile; fileRef = 2242766C11DD73E500940005 /* block.m */; };
		224276A811DD73E500940005 /* bridge.h in Headers */ = {isa = PBXBuildFile; fileRef = 2242766D11DD73E500940005 /* bridge.h */; };
		224276A911DD73E500940005 /* bridge.m in Sources */ = {isa = PBXBuildFile; fileRef = 2242766E11DD73E500940005 /* bridge.m */; };
		224276AA11DD73E500940005 /* bridgesupport.h in Headers */ = {isa = PBXBuildFile; fileRef = 2242766F11DD73E500940005 /* bridgesupport.h */; };
		224276AB11DD73E500940005 /* bridgesupport.m in Sources */ = {isa = PBXBuildFile; fileRef = 2242767011DD73E500940005 /* bridgesupport.m */; };
		224276AC11DD73E500940005 /* cell.h in Headers */ = {isa = PBXBuildFile; fileRef = 2242767111DD73E500940005 /* cell.h */; };
		224276AD11DD73E500940005 /* cell.m in Sources */ = {isa = PBXBuildFile; fileRef = 2242767211DD73E500940005 /* cell.m */; };
		224276AE11DD73E500940005 /* class.h in Headers */ = {isa = PBXBuildFile; fileRef = 2242767311DD73E500940005 /* class.h */; };
		224276AF11DD73E500940005 /* class.m in Sources */ = {isa = PBXBuildFile; fileRef = 2242767411DD73E500940005 /* class.m */; };
		224276B011DD73E500940005 /* dtrace.d in Sources */ = {isa = PBXBuildFile; fileRef = 2242767511DD73E500940005 /* dtrace.d */; };
		224276B111DD73E500940005 /* dtrace.h in Headers */ = {isa = PBXBuildFile; fileRef = 2242767611DD73E500940005 /* dtrace.h */; };
		224276B211DD73E500940005 /* enumerable.h in Headers */ = {isa = PBXBuildFile; fileRef = 2242767711DD73E500940005 /* enumerable.h */; };
		224276B311DD73E500940005 /* enumerable.m in Sources */ = {isa = PBXBuildFile; fileRef = 2242767811DD73E500940005 /* enumerable.m */; };
		224276B411DD73E500940005 /* extensions.h in Headers */ = {isa = PBXBuildFile; fileRef = 2242767911DD73E500940005 /* extensions.h */; };
		224276B511DD73E500940005 /* extensions.m in Sources */ = {isa = PBXBuildFile; fileRef = 2242767A11DD73E500940005 /* extensions.m */; };
		224276B611DD73E500940005 /* handler.h in Headers */ = {isa = PBXBuildFile; fileRef = 2242767B11DD73E500940005 /* handler.h */; };
		224276B711DD73E500940005 /* handler.m in Sources */ = {isa = PBXBuildFile; fileRef = 2242767C11DD73E500940005 /* handler.m */; };
		224276B811DD73E500940005 /* ivars.m in Sources */ = {isa = PBXBuildFile; fileRef = 2242767D11DD73E500940005 /* ivars.m */; };
		224276B911DD73E500940005 /* mach_override.c in Sources */ = {isa = PBXBuildFile; fileRef = 2242767E11DD73E500940005 /* mach_override.c */; };
		224276BA11DD73E500940005 /* mach_override.h in Headers */ = {isa = PBXBuildFile; fileRef = 2242767F11DD73E500940005 /* mach_override.h */; };
		224276BB11DD73E500940005 /* macro_0.h in Headers */ = {isa = PBXBuildFile; fileRef = 2242768011DD73E500940005 /* macro_0.h */; };
		224276BC11DD73E500940005 /* macro_0.m in Sources */ = {isa = PBXBuildFile; fileRef = 2242768111DD73E500940005 /* macro_0.m */; };
		224276BD11DD73E500940005 /* macro_1.h in Headers */ = {isa = PBXBuildFile; fileRef = 2242768211DD73E500940005 /* macro_1.h */; };
		224276BE11DD73E500940005 /* macro_1.m in Sources */ = {isa = PBXBuildFile; fileRef = 2242768311DD73E500940005 /* macro_1.m */; };
		224276BF11DD73E500940005 /* method.h in Headers */ = {isa = PBXBuildFile; fileRef = 2242768411DD73E500940005 /* method.h */; };
		224276C011DD73E500940005 /* method.m in Sources */ = {isa = PBXBuildFile; fileRef = 2242768511DD73E500940005 /* method.m */; };
		224276C111DD73E500940005 /* nu.m in Sources */ = {isa = PBXBuildFile; fileRef = 2242768611DD73E500940005 /* nu.m */; };
		224276C211DD73E500940005 /* nuinternals.h in Headers */ = {isa = PBXBuildFile; fileRef = 2242768711DD73E500940005 /* nuinternals.h */; };
		224276C311DD73E500940005 /* nutypes.h in Headers */ = {isa = PBXBuildFile; fileRef = 2242768811DD73E500940005 /* nutypes.h */; };
		224276C411DD73E500940005 /* objc_runtime.h in Headers */ = {isa = PBXBuildFile; fileRef = 2242768911DD73E500940005 /* objc_runtime.h */; };
		224276C511DD73E500940005 /* objc_runtime.m in Sources */ = {isa = PBXBuildFile; fileRef = 2242768A11DD73E500940005 /* objc_runtime.m */; };
		224276C611DD73E500940005 /* object.h in Headers */ = {isa = PBXBuildFile; fileRef = 2242768B11DD73E500940005 /* object.h */; };
		224276C711DD73E500940005 /* object.m in Sources */ = {isa = PBXBuildFile; fileRef = 2242768C11DD73E500940005 /* object.m */; };
		224276C811DD73E500940005 /* operator.h in Headers */ = {isa = PBXBuildFile; fileRef = 2242768D11DD73E500940005 /* operator.h */; };
		224276C911DD73E500940005 /* operator.m in Sources */ = {isa = PBXBuildFile; fileRef = 2242768E11DD73E500940005 /* operator.m */; };
		224276CA11DD73E500940005 /* overrides.m in Sources */ = {isa = PBXBuildFile; fileRef = 2242768F11DD73E500940005 /* overrides.m */; };
		224276CB11DD73E500940005 /* parser.h in Headers */ = {isa = PBXBuildFile; fileRef = 2242769011DD73E500940005 /* parser.h */; };
		224276CC11DD73E500940005 /* parser.m in Sources */ = {isa = PBXBuildFile; fileRef = 2242769111DD73E500940005 /* parser.m */; };
		224276CD11DD73E500940005 /* pointer.h in Headers */ = {isa = PBXBuildFile; fileRef = 2242769211DD73E500940005 /* pointer.h */; };
		224276CE11DD73E500940005 /* pointer.m in Sources */ = {isa = PBXBuildFile; fileRef = 2242769311DD73E500940005 /* pointer.m */; };
		224276CF11DD73E500940005 /* profiler.h in Headers */ = {isa = PBXBuildFile; fileRef = 2242769411DD73E500940005 /* profiler.h */; };
		224276D011DD73E500940005 /* profiler.m in Sources */ = {isa = PBXBuildFile; fileRef = 2242769511DD73E500940005 /* profiler.m */; };
		224276D111DD73E500940005 /* protocol.m in Sources */ = {isa = PBXBuildFile; fileRef = 2242769611DD73E500940005 /* protocol.m */; };
		224276D211DD73E500940005 /* reference.h in Headers */ = {isa = PBXBuildFile; fileRef = 2242769711DD73E500940005 /* reference.h */; };
		224276D311DD73E500940005 /* reference.m in Sources */ = {isa = PBXBuildFile; fileRef = 2242769811DD73E500940005 /* reference.m */; };
		224276D411DD73E500940005 /* regex.h in Headers */ = {isa = PBXBuildFile; fileRef = 2242769911DD73E500940005 /* regex.h */; };
		224276D511DD73E500940005 /* regex.m in Sources */ = {isa = PBXBuildFile; fileRef = 2242769A11DD73E500940005 /* regex.m */; };
		224276D611DD73E500940005 /* st.c in Sources */ = {isa = PBXBuildFile; fileRef = 2242769B11DD73E500940005 /* st.c */; };
		224276D711DD73E500940005 /* st.h in Headers */ = {isa = PBXBuildFile; fileRef = 2242769C11DD73E500940005 /* st.h */; };
		224276D811DD73E500940005 /* stack.h in Headers */ = {isa = PBXBuildFile; fileRef = 2242769D11DD73E500940005 /* stack.h */; };
		224276D911DD73E500940005 /* stack.m in Sources */ = {isa = PBXBuildFile; fileRef = 2242769E11DD73E500940005 /* stack.m */; };
		224276DA11DD73E500940005 /* super.h in Headers */ = {isa = PBXBuildFile; fileRef = 2242769F11DD73E500940005 /* super.h */; };
		224276DB11DD73E500940005 /* super.m in Sources */ = {isa = PBXBuildFile; fileRef = 224276A011DD73E500940005 /* super.m */; };
		224276DC11DD73E500940005 /* swizzles.m in Sources */ = {isa = PBXBuildFile; fileRef = 224276A111DD73E500940005 /* swizzles.m */; };
		224276DD11DD73E500940005 /* symbol.h in Headers */ = {isa = PBXBuildFile; fileRef = 224276A211DD73E500940005 /* symbol.h */; };
		224276DE11DD73E500940005 /* symbol.m in Sources */ = {isa = PBXBuildFile; fileRef = 224276A311DD73E500940005 /* symbol.m */; };
		224276DF11DD73E500940005 /* testhelper.m in Sources */ = {isa = PBXBuildFile; fileRef = 224276A411DD73E500940005 /* testhelper.m */; };
		224276E011DD73E500940005 /* version.h in Headers */ = {isa = PBXBuildFile; fileRef = 224276A511DD73E500940005 /* version.h */; };
		224276FF11DD748600940005 /* Nu.h in Headers */ = {isa = PBXBuildFile; fileRef = 224276FE11DD748600940005 /* Nu.h */; };
		2283070411DDBBD100A5C690 /* beautify.nu in Resources */ = {isa = PBXBuildFile; fileRef = 228306F411DDBBD100A5C690 /* beautify.nu */; };
		2283070511DDBBD100A5C690 /* bridgesupport.nu in Resources */ = {isa = PBXBuildFile; fileRef = 228306F511DDBBD100A5C690 /* bridgesupport.nu */; };
		2283070611DDBBD100A5C690 /* cocoa.nu in Resources */ = {isa = PBXBuildFile; fileRef = 228306F611DDBBD100A5C690 /* cocoa.nu */; };
		2283070711DDBBD100A5C690 /* console.nu in Resources */ = {isa = PBXBuildFile; fileRef = 228306F711DDBBD100A5C690 /* console.nu */; };
		2283070811DDBBD100A5C690 /* coredata.nu in Resources */ = {isa = PBXBuildFile; fileRef = 228306F811DDBBD100A5C690 /* coredata.nu */; };
		2283070911DDBBD100A5C690 /* doc.nu in Resources */ = {isa = PBXBuildFile; fileRef = 228306F911DDBBD100A5C690 /* doc.nu */; };
		2283070A11DDBBD100A5C690 /* fscript.nu in Resources */ = {isa = PBXBuildFile; fileRef = 228306FA11DDBBD100A5C690 /* fscript.nu */; };
		2283070B11DDBBD100A5C690 /* generate.nu in Resources */ = {isa = PBXBuildFile; fileRef = 228306FB11DDBBD100A5C690 /* generate.nu */; };
		2283070C11DDBBD100A5C690 /* help.nu in Resources */ = {isa = PBXBuildFile; fileRef = 228306FC11DDBBD100A5C690 /* help.nu */; };
		2283070D11DDBBD100A5C690 /* match.nu in Resources */ = {isa = PBXBuildFile; fileRef = 228306FD11DDBBD100A5C690 /* match.nu */; };
		2283070E11DDBBD100A5C690 /* math.nu in Resources */ = {isa = PBXBuildFile; fileRef = 228306FE11DDBBD100A5C690 /* math.nu */; };
		2283070F11DDBBD100A5C690 /* menu.nu in Resources */ = {isa = PBXBuildFile; fileRef = 228306FF11DDBBD100A5C690 /* menu.nu */; };
		2283071011DDBBD100A5C690 /* nibtools.nu in Resources */ = {isa = PBXBuildFile; fileRef = 2283070011DDBBD100A5C690 /* nibtools.nu */; };
		2283071111DDBBD100A5C690 /* nu.nu in Resources */ = {isa = PBXBuildFile; fileRef = 2283070111DDBBD100A5C690 /* nu.nu */; };
		2283071211DDBBD100A5C690 /* template.nu in Resources */ = {isa = PBXBuildFile; fileRef = 2283070211DDBBD100A5C690 /* template.nu */; };
		2283071311DDBBD100A5C690 /* test.nu in Resources */ = {isa = PBXBuildFile; fileRef = 2283070311DDBBD100A5C690 /* test.nu */; };
		2283073D11DDBE7300A5C690 /* main.m in Sources */ = {isa = PBXBuildFile; fileRef = 2283073C11DDBE7300A5C690 /* main.m */; };
		2283074411DDBEA700A5C690 /* Nu.framework in Frameworks */ = {isa = PBXBuildFile; fileRef = 8DC2EF5B0486A6940098B216 /* Nu.framework */; };
		22B78A1B11DE98AF0022EE11 /* config.h in Headers */ = {isa = PBXBuildFile; fileRef = 22B789FA11DE98AF0022EE11 /* config.h */; };
		22B78A1D11DE98AF0022EE11 /* pcre.h in Headers */ = {isa = PBXBuildFile; fileRef = 22B789FC11DE98AF0022EE11 /* pcre.h */; };
		22B78A1E11DE98AF0022EE11 /* pcre_chartables.c in Sources */ = {isa = PBXBuildFile; fileRef = 22B789FD11DE98AF0022EE11 /* pcre_chartables.c */; };
		22B78A1F11DE98AF0022EE11 /* pcre_compile.c in Sources */ = {isa = PBXBuildFile; fileRef = 22B789FE11DE98AF0022EE11 /* pcre_compile.c */; };
		22B78A2011DE98AF0022EE11 /* pcre_config.c in Sources */ = {isa = PBXBuildFile; fileRef = 22B789FF11DE98AF0022EE11 /* pcre_config.c */; };
		22B78A2111DE98AF0022EE11 /* pcre_dfa_exec.c in Sources */ = {isa = PBXBuildFile; fileRef = 22B78A0011DE98AF0022EE11 /* pcre_dfa_exec.c */; };
		22B78A2211DE98AF0022EE11 /* pcre_exec.c in Sources */ = {isa = PBXBuildFile; fileRef = 22B78A0111DE98AF0022EE11 /* pcre_exec.c */; };
		22B78A2311DE98AF0022EE11 /* pcre_fullinfo.c in Sources */ = {isa = PBXBuildFile; fileRef = 22B78A0211DE98AF0022EE11 /* pcre_fullinfo.c */; };
		22B78A2411DE98AF0022EE11 /* pcre_get.c in Sources */ = {isa = PBXBuildFile; fileRef = 22B78A0311DE98AF0022EE11 /* pcre_get.c */; };
		22B78A2511DE98AF0022EE11 /* pcre_globals.c in Sources */ = {isa = PBXBuildFile; fileRef = 22B78A0411DE98AF0022EE11 /* pcre_globals.c */; };
		22B78A2611DE98AF0022EE11 /* pcre_info.c in Sources */ = {isa = PBXBuildFile; fileRef = 22B78A0511DE98AF0022EE11 /* pcre_info.c */; };
		22B78A2711DE98AF0022EE11 /* pcre_internal.h in Headers */ = {isa = PBXBuildFile; fileRef = 22B78A0611DE98AF0022EE11 /* pcre_internal.h */; };
		22B78A2811DE98AF0022EE11 /* pcre_maketables.c in Sources */ = {isa = PBXBuildFile; fileRef = 22B78A0711DE98AF0022EE11 /* pcre_maketables.c */; };
		22B78A2911DE98AF0022EE11 /* pcre_newline.c in Sources */ = {isa = PBXBuildFile; fileRef = 22B78A0811DE98AF0022EE11 /* pcre_newline.c */; };
		22B78A2A11DE98AF0022EE11 /* pcre_ord2utf8.c in Sources */ = {isa = PBXBuildFile; fileRef = 22B78A0911DE98AF0022EE11 /* pcre_ord2utf8.c */; };
		22B78A2B11DE98AF0022EE11 /* pcre_refcount.c in Sources */ = {isa = PBXBuildFile; fileRef = 22B78A0A11DE98AF0022EE11 /* pcre_refcount.c */; };
		22B78A2C11DE98AF0022EE11 /* pcre_scanner.h in Headers */ = {isa = PBXBuildFile; fileRef = 22B78A0B11DE98AF0022EE11 /* pcre_scanner.h */; };
		22B78A2D11DE98AF0022EE11 /* pcre_stringpiece.h in Headers */ = {isa = PBXBuildFile; fileRef = 22B78A0C11DE98AF0022EE11 /* pcre_stringpiece.h */; };
		22B78A2E11DE98AF0022EE11 /* pcre_study.c in Sources */ = {isa = PBXBuildFile; fileRef = 22B78A0D11DE98AF0022EE11 /* pcre_study.c */; };
		22B78A2F11DE98AF0022EE11 /* pcre_tables.c in Sources */ = {isa = PBXBuildFile; fileRef = 22B78A0E11DE98AF0022EE11 /* pcre_tables.c */; };
		22B78A3011DE98AF0022EE11 /* pcre_try_flipped.c in Sources */ = {isa = PBXBuildFile; fileRef = 22B78A0F11DE98AF0022EE11 /* pcre_try_flipped.c */; };
		22B78A3111DE98AF0022EE11 /* pcre_ucd.c in Sources */ = {isa = PBXBuildFile; fileRef = 22B78A1011DE98AF0022EE11 /* pcre_ucd.c */; };
		22B78A3211DE98AF0022EE11 /* pcre_valid_utf8.c in Sources */ = {isa = PBXBuildFile; fileRef = 22B78A1111DE98AF0022EE11 /* pcre_valid_utf8.c */; };
		22B78A3311DE98AF0022EE11 /* pcre_version.c in Sources */ = {isa = PBXBuildFile; fileRef = 22B78A1211DE98AF0022EE11 /* pcre_version.c */; };
		22B78A3411DE98AF0022EE11 /* pcre_xclass.c in Sources */ = {isa = PBXBuildFile; fileRef = 22B78A1311DE98AF0022EE11 /* pcre_xclass.c */; };
		22B78A3511DE98AF0022EE11 /* pcrecpp.h in Headers */ = {isa = PBXBuildFile; fileRef = 22B78A1411DE98AF0022EE11 /* pcrecpp.h */; };
		22B78A3611DE98AF0022EE11 /* pcrecpp_internal.h in Headers */ = {isa = PBXBuildFile; fileRef = 22B78A1511DE98AF0022EE11 /* pcrecpp_internal.h */; };
		22B78A3711DE98AF0022EE11 /* pcrecpparg.h in Headers */ = {isa = PBXBuildFile; fileRef = 22B78A1611DE98AF0022EE11 /* pcrecpparg.h */; };
		22B78A3811DE98AF0022EE11 /* pcreposix.c in Sources */ = {isa = PBXBuildFile; fileRef = 22B78A1711DE98AF0022EE11 /* pcreposix.c */; };
		22B78A3911DE98AF0022EE11 /* pcreposix.h in Headers */ = {isa = PBXBuildFile; fileRef = 22B78A1811DE98AF0022EE11 /* pcreposix.h */; };
		22B78A3B11DE98AF0022EE11 /* ucp.h in Headers */ = {isa = PBXBuildFile; fileRef = 22B78A1A11DE98AF0022EE11 /* ucp.h */; };
		8DC2EF530486A6940098B216 /* InfoPlist.strings in Resources */ = {isa = PBXBuildFile; fileRef = 089C1666FE841158C02AAC07 /* InfoPlist.strings */; };
		8DC2EF570486A6940098B216 /* Cocoa.framework in Frameworks */ = {isa = PBXBuildFile; fileRef = 1058C7B1FEA5585E11CA2CBB /* Cocoa.framework */; };
/* End PBXBuildFile section */

/* Begin PBXContainerItemProxy section */
		2283074211DDBEA300A5C690 /* PBXContainerItemProxy */ = {
			isa = PBXContainerItemProxy;
			containerPortal = 0867D690FE84028FC02AAC07 /* Project object */;
			proxyType = 1;
			remoteGlobalIDString = 8DC2EF4F0486A6940098B216;
			remoteInfo = Nu;
		};
/* End PBXContainerItemProxy section */

/* Begin PBXFileReference section */
		0867D69BFE84028FC02AAC07 /* Foundation.framework */ = {isa = PBXFileReference; lastKnownFileType = wrapper.framework; name = Foundation.framework; path = /System/Library/Frameworks/Foundation.framework; sourceTree = "<absolute>"; };
		0867D6A5FE840307C02AAC07 /* AppKit.framework */ = {isa = PBXFileReference; lastKnownFileType = wrapper.framework; name = AppKit.framework; path = /System/Library/Frameworks/AppKit.framework; sourceTree = "<absolute>"; };
		089C1667FE841158C02AAC07 /* English */ = {isa = PBXFileReference; fileEncoding = 4; lastKnownFileType = text.plist.strings; name = English; path = English.lproj/InfoPlist.strings; sourceTree = "<group>"; };
		1058C7B1FEA5585E11CA2CBB /* Cocoa.framework */ = {isa = PBXFileReference; lastKnownFileType = wrapper.framework; name = Cocoa.framework; path = /System/Library/Frameworks/Cocoa.framework; sourceTree = "<absolute>"; };
		2242766B11DD73E500940005 /* block.h */ = {isa = PBXFileReference; fileEncoding = 4; lastKnownFileType = sourcecode.c.h; path = block.h; sourceTree = "<group>"; };
		2242766C11DD73E500940005 /* block.m */ = {isa = PBXFileReference; fileEncoding = 4; lastKnownFileType = sourcecode.c.objc; path = block.m; sourceTree = "<group>"; };
		2242766D11DD73E500940005 /* bridge.h */ = {isa = PBXFileReference; fileEncoding = 4; lastKnownFileType = sourcecode.c.h; path = bridge.h; sourceTree = "<group>"; };
		2242766E11DD73E500940005 /* bridge.m */ = {isa = PBXFileReference; fileEncoding = 4; lastKnownFileType = sourcecode.c.objc; path = bridge.m; sourceTree = "<group>"; };
		2242766F11DD73E500940005 /* bridgesupport.h */ = {isa = PBXFileReference; fileEncoding = 4; lastKnownFileType = sourcecode.c.h; path = bridgesupport.h; sourceTree = "<group>"; };
		2242767011DD73E500940005 /* bridgesupport.m */ = {isa = PBXFileReference; fileEncoding = 4; lastKnownFileType = sourcecode.c.objc; path = bridgesupport.m; sourceTree = "<group>"; };
		2242767111DD73E500940005 /* cell.h */ = {isa = PBXFileReference; fileEncoding = 4; lastKnownFileType = sourcecode.c.h; path = cell.h; sourceTree = "<group>"; };
		2242767211DD73E500940005 /* cell.m */ = {isa = PBXFileReference; fileEncoding = 4; lastKnownFileType = sourcecode.c.objc; path = cell.m; sourceTree = "<group>"; };
		2242767311DD73E500940005 /* class.h */ = {isa = PBXFileReference; fileEncoding = 4; lastKnownFileType = sourcecode.c.h; path = class.h; sourceTree = "<group>"; };
		2242767411DD73E500940005 /* class.m */ = {isa = PBXFileReference; fileEncoding = 4; lastKnownFileType = sourcecode.c.objc; path = class.m; sourceTree = "<group>"; };
		2242767511DD73E500940005 /* dtrace.d */ = {isa = PBXFileReference; fileEncoding = 4; lastKnownFileType = sourcecode.dtrace; path = dtrace.d; sourceTree = "<group>"; };
		2242767611DD73E500940005 /* dtrace.h */ = {isa = PBXFileReference; fileEncoding = 4; lastKnownFileType = sourcecode.c.h; path = dtrace.h; sourceTree = "<group>"; };
		2242767711DD73E500940005 /* enumerable.h */ = {isa = PBXFileReference; fileEncoding = 4; lastKnownFileType = sourcecode.c.h; path = enumerable.h; sourceTree = "<group>"; };
		2242767811DD73E500940005 /* enumerable.m */ = {isa = PBXFileReference; fileEncoding = 4; lastKnownFileType = sourcecode.c.objc; path = enumerable.m; sourceTree = "<group>"; };
		2242767911DD73E500940005 /* extensions.h */ = {isa = PBXFileReference; fileEncoding = 4; lastKnownFileType = sourcecode.c.h; path = extensions.h; sourceTree = "<group>"; };
		2242767A11DD73E500940005 /* extensions.m */ = {isa = PBXFileReference; fileEncoding = 4; lastKnownFileType = sourcecode.c.objc; path = extensions.m; sourceTree = "<group>"; };
		2242767B11DD73E500940005 /* handler.h */ = {isa = PBXFileReference; fileEncoding = 4; lastKnownFileType = sourcecode.c.h; path = handler.h; sourceTree = "<group>"; };
		2242767C11DD73E500940005 /* handler.m */ = {isa = PBXFileReference; fileEncoding = 4; lastKnownFileType = sourcecode.c.objc; path = handler.m; sourceTree = "<group>"; };
		2242767D11DD73E500940005 /* ivars.m */ = {isa = PBXFileReference; fileEncoding = 4; lastKnownFileType = sourcecode.c.objc; path = ivars.m; sourceTree = "<group>"; };
		2242767E11DD73E500940005 /* mach_override.c */ = {isa = PBXFileReference; fileEncoding = 4; lastKnownFileType = sourcecode.c.c; path = mach_override.c; sourceTree = "<group>"; };
		2242767F11DD73E500940005 /* mach_override.h */ = {isa = PBXFileReference; fileEncoding = 4; lastKnownFileType = sourcecode.c.h; path = mach_override.h; sourceTree = "<group>"; };
		2242768011DD73E500940005 /* macro_0.h */ = {isa = PBXFileReference; fileEncoding = 4; lastKnownFileType = sourcecode.c.h; path = macro_0.h; sourceTree = "<group>"; };
		2242768111DD73E500940005 /* macro_0.m */ = {isa = PBXFileReference; fileEncoding = 4; lastKnownFileType = sourcecode.c.objc; path = macro_0.m; sourceTree = "<group>"; };
		2242768211DD73E500940005 /* macro_1.h */ = {isa = PBXFileReference; fileEncoding = 4; lastKnownFileType = sourcecode.c.h; path = macro_1.h; sourceTree = "<group>"; };
		2242768311DD73E500940005 /* macro_1.m */ = {isa = PBXFileReference; fileEncoding = 4; lastKnownFileType = sourcecode.c.objc; path = macro_1.m; sourceTree = "<group>"; };
		2242768411DD73E500940005 /* method.h */ = {isa = PBXFileReference; fileEncoding = 4; lastKnownFileType = sourcecode.c.h; path = method.h; sourceTree = "<group>"; };
		2242768511DD73E500940005 /* method.m */ = {isa = PBXFileReference; fileEncoding = 4; lastKnownFileType = sourcecode.c.objc; path = method.m; sourceTree = "<group>"; };
		2242768611DD73E500940005 /* nu.m */ = {isa = PBXFileReference; fileEncoding = 4; lastKnownFileType = sourcecode.c.objc; path = nu.m; sourceTree = "<group>"; };
		2242768711DD73E500940005 /* nuinternals.h */ = {isa = PBXFileReference; fileEncoding = 4; lastKnownFileType = sourcecode.c.h; path = nuinternals.h; sourceTree = "<group>"; };
		2242768811DD73E500940005 /* nutypes.h */ = {isa = PBXFileReference; fileEncoding = 4; lastKnownFileType = sourcecode.c.h; path = nutypes.h; sourceTree = "<group>"; };
		2242768911DD73E500940005 /* objc_runtime.h */ = {isa = PBXFileReference; fileEncoding = 4; lastKnownFileType = sourcecode.c.h; path = objc_runtime.h; sourceTree = "<group>"; };
		2242768A11DD73E500940005 /* objc_runtime.m */ = {isa = PBXFileReference; fileEncoding = 4; lastKnownFileType = sourcecode.c.objc; path = objc_runtime.m; sourceTree = "<group>"; };
		2242768B11DD73E500940005 /* object.h */ = {isa = PBXFileReference; fileEncoding = 4; lastKnownFileType = sourcecode.c.h; path = object.h; sourceTree = "<group>"; };
		2242768C11DD73E500940005 /* object.m */ = {isa = PBXFileReference; fileEncoding = 4; lastKnownFileType = sourcecode.c.objc; path = object.m; sourceTree = "<group>"; };
		2242768D11DD73E500940005 /* operator.h */ = {isa = PBXFileReference; fileEncoding = 4; lastKnownFileType = sourcecode.c.h; path = operator.h; sourceTree = "<group>"; };
		2242768E11DD73E500940005 /* operator.m */ = {isa = PBXFileReference; fileEncoding = 4; lastKnownFileType = sourcecode.c.objc; path = operator.m; sourceTree = "<group>"; };
		2242768F11DD73E500940005 /* overrides.m */ = {isa = PBXFileReference; fileEncoding = 4; lastKnownFileType = sourcecode.c.objc; path = overrides.m; sourceTree = "<group>"; };
		2242769011DD73E500940005 /* parser.h */ = {isa = PBXFileReference; fileEncoding = 4; lastKnownFileType = sourcecode.c.h; path = parser.h; sourceTree = "<group>"; };
		2242769111DD73E500940005 /* parser.m */ = {isa = PBXFileReference; fileEncoding = 4; lastKnownFileType = sourcecode.c.objc; path = parser.m; sourceTree = "<group>"; };
		2242769211DD73E500940005 /* pointer.h */ = {isa = PBXFileReference; fileEncoding = 4; lastKnownFileType = sourcecode.c.h; path = pointer.h; sourceTree = "<group>"; };
		2242769311DD73E500940005 /* pointer.m */ = {isa = PBXFileReference; fileEncoding = 4; lastKnownFileType = sourcecode.c.objc; path = pointer.m; sourceTree = "<group>"; };
		2242769411DD73E500940005 /* profiler.h */ = {isa = PBXFileReference; fileEncoding = 4; lastKnownFileType = sourcecode.c.h; path = profiler.h; sourceTree = "<group>"; };
		2242769511DD73E500940005 /* profiler.m */ = {isa = PBXFileReference; fileEncoding = 4; lastKnownFileType = sourcecode.c.objc; path = profiler.m; sourceTree = "<group>"; };
		2242769611DD73E500940005 /* protocol.m */ = {isa = PBXFileReference; fileEncoding = 4; lastKnownFileType = sourcecode.c.objc; path = protocol.m; sourceTree = "<group>"; };
		2242769711DD73E500940005 /* reference.h */ = {isa = PBXFileReference; fileEncoding = 4; lastKnownFileType = sourcecode.c.h; path = reference.h; sourceTree = "<group>"; };
		2242769811DD73E500940005 /* reference.m */ = {isa = PBXFileReference; fileEncoding = 4; lastKnownFileType = sourcecode.c.objc; path = reference.m; sourceTree = "<group>"; };
		2242769911DD73E500940005 /* regex.h */ = {isa = PBXFileReference; fileEncoding = 4; lastKnownFileType = sourcecode.c.h; path = regex.h; sourceTree = "<group>"; };
		2242769A11DD73E500940005 /* regex.m */ = {isa = PBXFileReference; fileEncoding = 4; lastKnownFileType = sourcecode.c.objc; path = regex.m; sourceTree = "<group>"; };
		2242769B11DD73E500940005 /* st.c */ = {isa = PBXFileReference; fileEncoding = 4; lastKnownFileType = sourcecode.c.c; path = st.c; sourceTree = "<group>"; };
		2242769C11DD73E500940005 /* st.h */ = {isa = PBXFileReference; fileEncoding = 4; lastKnownFileType = sourcecode.c.h; path = st.h; sourceTree = "<group>"; };
		2242769D11DD73E500940005 /* stack.h */ = {isa = PBXFileReference; fileEncoding = 4; lastKnownFileType = sourcecode.c.h; path = stack.h; sourceTree = "<group>"; };
		2242769E11DD73E500940005 /* stack.m */ = {isa = PBXFileReference; fileEncoding = 4; lastKnownFileType = sourcecode.c.objc; path = stack.m; sourceTree = "<group>"; };
		2242769F11DD73E500940005 /* super.h */ = {isa = PBXFileReference; fileEncoding = 4; lastKnownFileType = sourcecode.c.h; path = super.h; sourceTree = "<group>"; };
		224276A011DD73E500940005 /* super.m */ = {isa = PBXFileReference; fileEncoding = 4; lastKnownFileType = sourcecode.c.objc; path = super.m; sourceTree = "<group>"; };
		224276A111DD73E500940005 /* swizzles.m */ = {isa = PBXFileReference; fileEncoding = 4; lastKnownFileType = sourcecode.c.objc; path = swizzles.m; sourceTree = "<group>"; };
		224276A211DD73E500940005 /* symbol.h */ = {isa = PBXFileReference; fileEncoding = 4; lastKnownFileType = sourcecode.c.h; path = symbol.h; sourceTree = "<group>"; };
		224276A311DD73E500940005 /* symbol.m */ = {isa = PBXFileReference; fileEncoding = 4; lastKnownFileType = sourcecode.c.objc; path = symbol.m; sourceTree = "<group>"; };
		224276A411DD73E500940005 /* testhelper.m */ = {isa = PBXFileReference; fileEncoding = 4; lastKnownFileType = sourcecode.c.objc; path = testhelper.m; sourceTree = "<group>"; };
		224276A511DD73E500940005 /* version.h */ = {isa = PBXFileReference; fileEncoding = 4; lastKnownFileType = sourcecode.c.h; path = version.h; sourceTree = "<group>"; };
		224276FE11DD748600940005 /* Nu.h */ = {isa = PBXFileReference; fileEncoding = 4; lastKnownFileType = sourcecode.c.h; path = Nu.h; sourceTree = "<group>"; };
		228306F411DDBBD100A5C690 /* beautify.nu */ = {isa = PBXFileReference; fileEncoding = 4; lastKnownFileType = text; path = beautify.nu; sourceTree = "<group>"; };
		228306F511DDBBD100A5C690 /* bridgesupport.nu */ = {isa = PBXFileReference; fileEncoding = 4; lastKnownFileType = text; path = bridgesupport.nu; sourceTree = "<group>"; };
		228306F611DDBBD100A5C690 /* cocoa.nu */ = {isa = PBXFileReference; fileEncoding = 4; lastKnownFileType = text; path = cocoa.nu; sourceTree = "<group>"; };
		228306F711DDBBD100A5C690 /* console.nu */ = {isa = PBXFileReference; fileEncoding = 4; lastKnownFileType = text; path = console.nu; sourceTree = "<group>"; };
		228306F811DDBBD100A5C690 /* coredata.nu */ = {isa = PBXFileReference; fileEncoding = 4; lastKnownFileType = text; path = coredata.nu; sourceTree = "<group>"; };
		228306F911DDBBD100A5C690 /* doc.nu */ = {isa = PBXFileReference; fileEncoding = 4; lastKnownFileType = text; path = doc.nu; sourceTree = "<group>"; };
		228306FA11DDBBD100A5C690 /* fscript.nu */ = {isa = PBXFileReference; fileEncoding = 4; lastKnownFileType = text; path = fscript.nu; sourceTree = "<group>"; };
		228306FB11DDBBD100A5C690 /* generate.nu */ = {isa = PBXFileReference; fileEncoding = 4; lastKnownFileType = text; path = generate.nu; sourceTree = "<group>"; };
		228306FC11DDBBD100A5C690 /* help.nu */ = {isa = PBXFileReference; fileEncoding = 4; lastKnownFileType = text; path = help.nu; sourceTree = "<group>"; };
		228306FD11DDBBD100A5C690 /* match.nu */ = {isa = PBXFileReference; fileEncoding = 4; lastKnownFileType = text; path = match.nu; sourceTree = "<group>"; };
		228306FE11DDBBD100A5C690 /* math.nu */ = {isa = PBXFileReference; fileEncoding = 4; lastKnownFileType = text; path = math.nu; sourceTree = "<group>"; };
		228306FF11DDBBD100A5C690 /* menu.nu */ = {isa = PBXFileReference; fileEncoding = 4; lastKnownFileType = text; path = menu.nu; sourceTree = "<group>"; };
		2283070011DDBBD100A5C690 /* nibtools.nu */ = {isa = PBXFileReference; fileEncoding = 4; lastKnownFileType = text; path = nibtools.nu; sourceTree = "<group>"; };
		2283070111DDBBD100A5C690 /* nu.nu */ = {isa = PBXFileReference; fileEncoding = 4; lastKnownFileType = text; path = nu.nu; sourceTree = "<group>"; };
		2283070211DDBBD100A5C690 /* template.nu */ = {isa = PBXFileReference; fileEncoding = 4; lastKnownFileType = text; path = template.nu; sourceTree = "<group>"; };
		2283070311DDBBD100A5C690 /* test.nu */ = {isa = PBXFileReference; fileEncoding = 4; lastKnownFileType = text; path = test.nu; sourceTree = "<group>"; };
		2283073111DDBE3100A5C690 /* nush */ = {isa = PBXFileReference; explicitFileType = "compiled.mach-o.executable"; includeInIndex = 0; path = nush; sourceTree = BUILT_PRODUCTS_DIR; };
		2283073C11DDBE7300A5C690 /* main.m */ = {isa = PBXFileReference; fileEncoding = 4; lastKnownFileType = sourcecode.c.objc; name = main.m; path = ../../main/main.m; sourceTree = SOURCE_ROOT; };
		22B789FA11DE98AF0022EE11 /* config.h */ = {isa = PBXFileReference; fileEncoding = 4; lastKnownFileType = sourcecode.c.h; path = config.h; sourceTree = "<group>"; };
		22B789FC11DE98AF0022EE11 /* pcre.h */ = {isa = PBXFileReference; fileEncoding = 4; lastKnownFileType = sourcecode.c.h; path = pcre.h; sourceTree = "<group>"; };
		22B789FD11DE98AF0022EE11 /* pcre_chartables.c */ = {isa = PBXFileReference; fileEncoding = 4; lastKnownFileType = sourcecode.c.c; path = pcre_chartables.c; sourceTree = "<group>"; };
		22B789FE11DE98AF0022EE11 /* pcre_compile.c */ = {isa = PBXFileReference; fileEncoding = 4; lastKnownFileType = sourcecode.c.c; path = pcre_compile.c; sourceTree = "<group>"; };
		22B789FF11DE98AF0022EE11 /* pcre_config.c */ = {isa = PBXFileReference; fileEncoding = 4; lastKnownFileType = sourcecode.c.c; path = pcre_config.c; sourceTree = "<group>"; };
		22B78A0011DE98AF0022EE11 /* pcre_dfa_exec.c */ = {isa = PBXFileReference; fileEncoding = 4; lastKnownFileType = sourcecode.c.c; path = pcre_dfa_exec.c; sourceTree = "<group>"; };
		22B78A0111DE98AF0022EE11 /* pcre_exec.c */ = {isa = PBXFileReference; fileEncoding = 4; lastKnownFileType = sourcecode.c.c; path = pcre_exec.c; sourceTree = "<group>"; };
		22B78A0211DE98AF0022EE11 /* pcre_fullinfo.c */ = {isa = PBXFileReference; fileEncoding = 4; lastKnownFileType = sourcecode.c.c; path = pcre_fullinfo.c; sourceTree = "<group>"; };
		22B78A0311DE98AF0022EE11 /* pcre_get.c */ = {isa = PBXFileReference; fileEncoding = 4; lastKnownFileType = sourcecode.c.c; path = pcre_get.c; sourceTree = "<group>"; };
		22B78A0411DE98AF0022EE11 /* pcre_globals.c */ = {isa = PBXFileReference; fileEncoding = 4; lastKnownFileType = sourcecode.c.c; path = pcre_globals.c; sourceTree = "<group>"; };
		22B78A0511DE98AF0022EE11 /* pcre_info.c */ = {isa = PBXFileReference; fileEncoding = 4; lastKnownFileType = sourcecode.c.c; path = pcre_info.c; sourceTree = "<group>"; };
		22B78A0611DE98AF0022EE11 /* pcre_internal.h */ = {isa = PBXFileReference; fileEncoding = 4; lastKnownFileType = sourcecode.c.h; path = pcre_internal.h; sourceTree = "<group>"; };
		22B78A0711DE98AF0022EE11 /* pcre_maketables.c */ = {isa = PBXFileReference; fileEncoding = 4; lastKnownFileType = sourcecode.c.c; path = pcre_maketables.c; sourceTree = "<group>"; };
		22B78A0811DE98AF0022EE11 /* pcre_newline.c */ = {isa = PBXFileReference; fileEncoding = 4; lastKnownFileType = sourcecode.c.c; path = pcre_newline.c; sourceTree = "<group>"; };
		22B78A0911DE98AF0022EE11 /* pcre_ord2utf8.c */ = {isa = PBXFileReference; fileEncoding = 4; lastKnownFileType = sourcecode.c.c; path = pcre_ord2utf8.c; sourceTree = "<group>"; };
		22B78A0A11DE98AF0022EE11 /* pcre_refcount.c */ = {isa = PBXFileReference; fileEncoding = 4; lastKnownFileType = sourcecode.c.c; path = pcre_refcount.c; sourceTree = "<group>"; };
		22B78A0B11DE98AF0022EE11 /* pcre_scanner.h */ = {isa = PBXFileReference; fileEncoding = 4; lastKnownFileType = sourcecode.c.h; path = pcre_scanner.h; sourceTree = "<group>"; };
		22B78A0C11DE98AF0022EE11 /* pcre_stringpiece.h */ = {isa = PBXFileReference; fileEncoding = 4; lastKnownFileType = sourcecode.c.h; path = pcre_stringpiece.h; sourceTree = "<group>"; };
		22B78A0D11DE98AF0022EE11 /* pcre_study.c */ = {isa = PBXFileReference; fileEncoding = 4; lastKnownFileType = sourcecode.c.c; path = pcre_study.c; sourceTree = "<group>"; };
		22B78A0E11DE98AF0022EE11 /* pcre_tables.c */ = {isa = PBXFileReference; fileEncoding = 4; lastKnownFileType = sourcecode.c.c; path = pcre_tables.c; sourceTree = "<group>"; };
		22B78A0F11DE98AF0022EE11 /* pcre_try_flipped.c */ = {isa = PBXFileReference; fileEncoding = 4; lastKnownFileType = sourcecode.c.c; path = pcre_try_flipped.c; sourceTree = "<group>"; };
		22B78A1011DE98AF0022EE11 /* pcre_ucd.c */ = {isa = PBXFileReference; fileEncoding = 4; lastKnownFileType = sourcecode.c.c; path = pcre_ucd.c; sourceTree = "<group>"; };
		22B78A1111DE98AF0022EE11 /* pcre_valid_utf8.c */ = {isa = PBXFileReference; fileEncoding = 4; lastKnownFileType = sourcecode.c.c; path = pcre_valid_utf8.c; sourceTree = "<group>"; };
		22B78A1211DE98AF0022EE11 /* pcre_version.c */ = {isa = PBXFileReference; fileEncoding = 4; lastKnownFileType = sourcecode.c.c; path = pcre_version.c; sourceTree = "<group>"; };
		22B78A1311DE98AF0022EE11 /* pcre_xclass.c */ = {isa = PBXFileReference; fileEncoding = 4; lastKnownFileType = sourcecode.c.c; path = pcre_xclass.c; sourceTree = "<group>"; };
		22B78A1411DE98AF0022EE11 /* pcrecpp.h */ = {isa = PBXFileReference; fileEncoding = 4; lastKnownFileType = sourcecode.c.h; path = pcrecpp.h; sourceTree = "<group>"; };
		22B78A1511DE98AF0022EE11 /* pcrecpp_internal.h */ = {isa = PBXFileReference; fileEncoding = 4; lastKnownFileType = sourcecode.c.h; path = pcrecpp_internal.h; sourceTree = "<group>"; };
		22B78A1611DE98AF0022EE11 /* pcrecpparg.h */ = {isa = PBXFileReference; fileEncoding = 4; lastKnownFileType = sourcecode.c.h; path = pcrecpparg.h; sourceTree = "<group>"; };
		22B78A1711DE98AF0022EE11 /* pcreposix.c */ = {isa = PBXFileReference; fileEncoding = 4; lastKnownFileType = sourcecode.c.c; path = pcreposix.c; sourceTree = "<group>"; };
		22B78A1811DE98AF0022EE11 /* pcreposix.h */ = {isa = PBXFileReference; fileEncoding = 4; lastKnownFileType = sourcecode.c.h; path = pcreposix.h; sourceTree = "<group>"; };
		22B78A1A11DE98AF0022EE11 /* ucp.h */ = {isa = PBXFileReference; fileEncoding = 4; lastKnownFileType = sourcecode.c.h; path = ucp.h; sourceTree = "<group>"; };
		32DBCF5E0370ADEE00C91783 /* Nu_Prefix.pch */ = {isa = PBXFileReference; fileEncoding = 4; lastKnownFileType = sourcecode.c.h; path = Nu_Prefix.pch; sourceTree = "<group>"; };
		8DC2EF5A0486A6940098B216 /* Info.plist */ = {isa = PBXFileReference; fileEncoding = 4; lastKnownFileType = text.plist.xml; path = Info.plist; sourceTree = "<group>"; };
		8DC2EF5B0486A6940098B216 /* Nu.framework */ = {isa = PBXFileReference; explicitFileType = wrapper.framework; includeInIndex = 0; path = Nu.framework; sourceTree = BUILT_PRODUCTS_DIR; };
		D2F7E79907B2D74100F64583 /* CoreData.framework */ = {isa = PBXFileReference; lastKnownFileType = wrapper.framework; name = CoreData.framework; path = /System/Library/Frameworks/CoreData.framework; sourceTree = "<absolute>"; };
/* End PBXFileReference section */

/* Begin PBXFrameworksBuildPhase section */
		2283072F11DDBE3100A5C690 /* Frameworks */ = {
			isa = PBXFrameworksBuildPhase;
			buildActionMask = 2147483647;
			files = (
				2283074411DDBEA700A5C690 /* Nu.framework in Frameworks */,
			);
			runOnlyForDeploymentPostprocessing = 0;
		};
		8DC2EF560486A6940098B216 /* Frameworks */ = {
			isa = PBXFrameworksBuildPhase;
			buildActionMask = 2147483647;
			files = (
				8DC2EF570486A6940098B216 /* Cocoa.framework in Frameworks */,
			);
			runOnlyForDeploymentPostprocessing = 0;
		};
/* End PBXFrameworksBuildPhase section */

/* Begin PBXGroup section */
		034768DFFF38A50411DB9C8B /* Products */ = {
			isa = PBXGroup;
			children = (
				8DC2EF5B0486A6940098B216 /* Nu.framework */,
				2283073111DDBE3100A5C690 /* nush */,
			);
			name = Products;
			sourceTree = "<group>";
		};
		0867D691FE84028FC02AAC07 /* Nu */ = {
			isa = PBXGroup;
			children = (
				22B789F911DE98AF0022EE11 /* pcre */,
				2283073C11DDBE7300A5C690 /* main.m */,
				228306F311DDBBD100A5C690 /* nu */,
				224276FC11DD748600940005 /* include */,
				2242766A11DD73E500940005 /* objc */,
				32C88DFF0371C24200C91783 /* Other Sources */,
				089C1665FE841158C02AAC07 /* Resources */,
				0867D69AFE84028FC02AAC07 /* External Frameworks and Libraries */,
				034768DFFF38A50411DB9C8B /* Products */,
			);
			name = Nu;
			sourceTree = "<group>";
		};
		0867D69AFE84028FC02AAC07 /* External Frameworks and Libraries */ = {
			isa = PBXGroup;
			children = (
				1058C7B0FEA5585E11CA2CBB /* Linked Frameworks */,
				1058C7B2FEA5585E11CA2CBB /* Other Frameworks */,
			);
			name = "External Frameworks and Libraries";
			sourceTree = "<group>";
		};
		089C1665FE841158C02AAC07 /* Resources */ = {
			isa = PBXGroup;
			children = (
				8DC2EF5A0486A6940098B216 /* Info.plist */,
				089C1666FE841158C02AAC07 /* InfoPlist.strings */,
			);
			name = Resources;
			sourceTree = "<group>";
		};
		1058C7B0FEA5585E11CA2CBB /* Linked Frameworks */ = {
			isa = PBXGroup;
			children = (
				1058C7B1FEA5585E11CA2CBB /* Cocoa.framework */,
			);
			name = "Linked Frameworks";
			sourceTree = "<group>";
		};
		1058C7B2FEA5585E11CA2CBB /* Other Frameworks */ = {
			isa = PBXGroup;
			children = (
				0867D6A5FE840307C02AAC07 /* AppKit.framework */,
				D2F7E79907B2D74100F64583 /* CoreData.framework */,
				0867D69BFE84028FC02AAC07 /* Foundation.framework */,
			);
			name = "Other Frameworks";
			sourceTree = "<group>";
		};
		2242766A11DD73E500940005 /* objc */ = {
			isa = PBXGroup;
			children = (
				2242766B11DD73E500940005 /* block.h */,
				2242766C11DD73E500940005 /* block.m */,
				2242766D11DD73E500940005 /* bridge.h */,
				2242766E11DD73E500940005 /* bridge.m */,
				2242766F11DD73E500940005 /* bridgesupport.h */,
				2242767011DD73E500940005 /* bridgesupport.m */,
				2242767111DD73E500940005 /* cell.h */,
				2242767211DD73E500940005 /* cell.m */,
				2242767311DD73E500940005 /* class.h */,
				2242767411DD73E500940005 /* class.m */,
				2242767511DD73E500940005 /* dtrace.d */,
				2242767611DD73E500940005 /* dtrace.h */,
				2242767711DD73E500940005 /* enumerable.h */,
				2242767811DD73E500940005 /* enumerable.m */,
				2242767911DD73E500940005 /* extensions.h */,
				2242767A11DD73E500940005 /* extensions.m */,
				2242767B11DD73E500940005 /* handler.h */,
				2242767C11DD73E500940005 /* handler.m */,
				2242767D11DD73E500940005 /* ivars.m */,
				2242767E11DD73E500940005 /* mach_override.c */,
				2242767F11DD73E500940005 /* mach_override.h */,
				2242768011DD73E500940005 /* macro_0.h */,
				2242768111DD73E500940005 /* macro_0.m */,
				2242768211DD73E500940005 /* macro_1.h */,
				2242768311DD73E500940005 /* macro_1.m */,
				2242768411DD73E500940005 /* method.h */,
				2242768511DD73E500940005 /* method.m */,
				2242768611DD73E500940005 /* nu.m */,
				2242768711DD73E500940005 /* nuinternals.h */,
				2242768811DD73E500940005 /* nutypes.h */,
				2242768911DD73E500940005 /* objc_runtime.h */,
				2242768A11DD73E500940005 /* objc_runtime.m */,
				2242768B11DD73E500940005 /* object.h */,
				2242768C11DD73E500940005 /* object.m */,
				2242768D11DD73E500940005 /* operator.h */,
				2242768E11DD73E500940005 /* operator.m */,
				2242768F11DD73E500940005 /* overrides.m */,
				2242769011DD73E500940005 /* parser.h */,
				2242769111DD73E500940005 /* parser.m */,
				2242769211DD73E500940005 /* pointer.h */,
				2242769311DD73E500940005 /* pointer.m */,
				2242769411DD73E500940005 /* profiler.h */,
				2242769511DD73E500940005 /* profiler.m */,
				2242769611DD73E500940005 /* protocol.m */,
				2242769711DD73E500940005 /* reference.h */,
				2242769811DD73E500940005 /* reference.m */,
				2242769911DD73E500940005 /* regex.h */,
				2242769A11DD73E500940005 /* regex.m */,
				2242769B11DD73E500940005 /* st.c */,
				2242769C11DD73E500940005 /* st.h */,
				2242769D11DD73E500940005 /* stack.h */,
				2242769E11DD73E500940005 /* stack.m */,
				2242769F11DD73E500940005 /* super.h */,
				224276A011DD73E500940005 /* super.m */,
				224276A111DD73E500940005 /* swizzles.m */,
				224276A211DD73E500940005 /* symbol.h */,
				224276A311DD73E500940005 /* symbol.m */,
				224276A411DD73E500940005 /* testhelper.m */,
				224276A511DD73E500940005 /* version.h */,
			);
			name = objc;
			path = ../../objc;
			sourceTree = SOURCE_ROOT;
		};
		224276FC11DD748600940005 /* include */ = {
			isa = PBXGroup;
			children = (
				224276FD11DD748600940005 /* Nu */,
			);
			name = include;
			path = ../../include;
			sourceTree = SOURCE_ROOT;
		};
		224276FD11DD748600940005 /* Nu */ = {
			isa = PBXGroup;
			children = (
				224276FE11DD748600940005 /* Nu.h */,
			);
			path = Nu;
			sourceTree = "<group>";
		};
		228306F311DDBBD100A5C690 /* nu */ = {
			isa = PBXGroup;
			children = (
				228306F411DDBBD100A5C690 /* beautify.nu */,
				228306F511DDBBD100A5C690 /* bridgesupport.nu */,
				228306F611DDBBD100A5C690 /* cocoa.nu */,
				228306F711DDBBD100A5C690 /* console.nu */,
				228306F811DDBBD100A5C690 /* coredata.nu */,
				228306F911DDBBD100A5C690 /* doc.nu */,
				228306FA11DDBBD100A5C690 /* fscript.nu */,
				228306FB11DDBBD100A5C690 /* generate.nu */,
				228306FC11DDBBD100A5C690 /* help.nu */,
				228306FD11DDBBD100A5C690 /* match.nu */,
				228306FE11DDBBD100A5C690 /* math.nu */,
				228306FF11DDBBD100A5C690 /* menu.nu */,
				2283070011DDBBD100A5C690 /* nibtools.nu */,
				2283070111DDBBD100A5C690 /* nu.nu */,
				2283070211DDBBD100A5C690 /* template.nu */,
				2283070311DDBBD100A5C690 /* test.nu */,
			);
			name = nu;
			path = ../../nu;
			sourceTree = SOURCE_ROOT;
		};
		22B789F911DE98AF0022EE11 /* pcre */ = {
			isa = PBXGroup;
			children = (
				22B789FA11DE98AF0022EE11 /* config.h */,
				22B789FC11DE98AF0022EE11 /* pcre.h */,
				22B789FD11DE98AF0022EE11 /* pcre_chartables.c */,
				22B789FE11DE98AF0022EE11 /* pcre_compile.c */,
				22B789FF11DE98AF0022EE11 /* pcre_config.c */,
				22B78A0011DE98AF0022EE11 /* pcre_dfa_exec.c */,
				22B78A0111DE98AF0022EE11 /* pcre_exec.c */,
				22B78A0211DE98AF0022EE11 /* pcre_fullinfo.c */,
				22B78A0311DE98AF0022EE11 /* pcre_get.c */,
				22B78A0411DE98AF0022EE11 /* pcre_globals.c */,
				22B78A0511DE98AF0022EE11 /* pcre_info.c */,
				22B78A0611DE98AF0022EE11 /* pcre_internal.h */,
				22B78A0711DE98AF0022EE11 /* pcre_maketables.c */,
				22B78A0811DE98AF0022EE11 /* pcre_newline.c */,
				22B78A0911DE98AF0022EE11 /* pcre_ord2utf8.c */,
				22B78A0A11DE98AF0022EE11 /* pcre_refcount.c */,
				22B78A0B11DE98AF0022EE11 /* pcre_scanner.h */,
				22B78A0C11DE98AF0022EE11 /* pcre_stringpiece.h */,
				22B78A0D11DE98AF0022EE11 /* pcre_study.c */,
				22B78A0E11DE98AF0022EE11 /* pcre_tables.c */,
				22B78A0F11DE98AF0022EE11 /* pcre_try_flipped.c */,
				22B78A1011DE98AF0022EE11 /* pcre_ucd.c */,
				22B78A1111DE98AF0022EE11 /* pcre_valid_utf8.c */,
				22B78A1211DE98AF0022EE11 /* pcre_version.c */,
				22B78A1311DE98AF0022EE11 /* pcre_xclass.c */,
				22B78A1411DE98AF0022EE11 /* pcrecpp.h */,
				22B78A1511DE98AF0022EE11 /* pcrecpp_internal.h */,
				22B78A1611DE98AF0022EE11 /* pcrecpparg.h */,
				22B78A1711DE98AF0022EE11 /* pcreposix.c */,
				22B78A1811DE98AF0022EE11 /* pcreposix.h */,
				22B78A1A11DE98AF0022EE11 /* ucp.h */,
			);
			name = pcre;
			path = ../../pcre;
			sourceTree = SOURCE_ROOT;
		};
		32C88DFF0371C24200C91783 /* Other Sources */ = {
			isa = PBXGroup;
			children = (
				32DBCF5E0370ADEE00C91783 /* Nu_Prefix.pch */,
			);
			name = "Other Sources";
			sourceTree = "<group>";
		};
/* End PBXGroup section */

/* Begin PBXHeadersBuildPhase section */
		8DC2EF500486A6940098B216 /* Headers */ = {
			isa = PBXHeadersBuildPhase;
			buildActionMask = 2147483647;
			files = (
				224276A611DD73E500940005 /* block.h in Headers */,
				224276A811DD73E500940005 /* bridge.h in Headers */,
				224276AA11DD73E500940005 /* bridgesupport.h in Headers */,
				224276AC11DD73E500940005 /* cell.h in Headers */,
				224276AE11DD73E500940005 /* class.h in Headers */,
				224276B111DD73E500940005 /* dtrace.h in Headers */,
				224276B211DD73E500940005 /* enumerable.h in Headers */,
				224276B411DD73E500940005 /* extensions.h in Headers */,
				224276B611DD73E500940005 /* handler.h in Headers */,
				224276BA11DD73E500940005 /* mach_override.h in Headers */,
				224276BB11DD73E500940005 /* macro_0.h in Headers */,
				224276BD11DD73E500940005 /* macro_1.h in Headers */,
				224276BF11DD73E500940005 /* method.h in Headers */,
				224276C211DD73E500940005 /* nuinternals.h in Headers */,
				224276C311DD73E500940005 /* nutypes.h in Headers */,
				224276C411DD73E500940005 /* objc_runtime.h in Headers */,
				224276C611DD73E500940005 /* object.h in Headers */,
				224276C811DD73E500940005 /* operator.h in Headers */,
				224276CB11DD73E500940005 /* parser.h in Headers */,
				224276CD11DD73E500940005 /* pointer.h in Headers */,
				224276CF11DD73E500940005 /* profiler.h in Headers */,
				224276D211DD73E500940005 /* reference.h in Headers */,
				224276D411DD73E500940005 /* regex.h in Headers */,
				224276D711DD73E500940005 /* st.h in Headers */,
				224276D811DD73E500940005 /* stack.h in Headers */,
				224276DA11DD73E500940005 /* super.h in Headers */,
				224276DD11DD73E500940005 /* symbol.h in Headers */,
				224276E011DD73E500940005 /* version.h in Headers */,
				224276FF11DD748600940005 /* Nu.h in Headers */,
				22B78A1B11DE98AF0022EE11 /* config.h in Headers */,
				22B78A1D11DE98AF0022EE11 /* pcre.h in Headers */,
				22B78A2711DE98AF0022EE11 /* pcre_internal.h in Headers */,
				22B78A2C11DE98AF0022EE11 /* pcre_scanner.h in Headers */,
				22B78A2D11DE98AF0022EE11 /* pcre_stringpiece.h in Headers */,
				22B78A3511DE98AF0022EE11 /* pcrecpp.h in Headers */,
				22B78A3611DE98AF0022EE11 /* pcrecpp_internal.h in Headers */,
				22B78A3711DE98AF0022EE11 /* pcrecpparg.h in Headers */,
				22B78A3911DE98AF0022EE11 /* pcreposix.h in Headers */,
				22B78A3B11DE98AF0022EE11 /* ucp.h in Headers */,
			);
			runOnlyForDeploymentPostprocessing = 0;
		};
/* End PBXHeadersBuildPhase section */

/* Begin PBXNativeTarget section */
		2283073011DDBE3100A5C690 /* nush */ = {
			isa = PBXNativeTarget;
			buildConfigurationList = 2283073B11DDBE3A00A5C690 /* Build configuration list for PBXNativeTarget "nush" */;
			buildPhases = (
				2283072E11DDBE3100A5C690 /* Sources */,
				2283072F11DDBE3100A5C690 /* Frameworks */,
			);
			buildRules = (
			);
			dependencies = (
				2283074311DDBEA300A5C690 /* PBXTargetDependency */,
			);
			name = nush;
			productName = nush;
			productReference = 2283073111DDBE3100A5C690 /* nush */;
			productType = "com.apple.product-type.tool";
		};
		8DC2EF4F0486A6940098B216 /* Nu */ = {
			isa = PBXNativeTarget;
			buildConfigurationList = 1DEB91AD08733DA50010E9CD /* Build configuration list for PBXNativeTarget "Nu" */;
			buildPhases = (
				8DC2EF500486A6940098B216 /* Headers */,
				8DC2EF520486A6940098B216 /* Resources */,
				8DC2EF540486A6940098B216 /* Sources */,
				8DC2EF560486A6940098B216 /* Frameworks */,
			);
			buildRules = (
			);
			dependencies = (
			);
			name = Nu;
			productInstallPath = "$(HOME)/Library/Frameworks";
			productName = Nu;
			productReference = 8DC2EF5B0486A6940098B216 /* Nu.framework */;
			productType = "com.apple.product-type.framework";
		};
/* End PBXNativeTarget section */

/* Begin PBXProject section */
		0867D690FE84028FC02AAC07 /* Project object */ = {
			isa = PBXProject;
			buildConfigurationList = 1DEB91B108733DA50010E9CD /* Build configuration list for PBXProject "Nu" */;
			compatibilityVersion = "Xcode 3.1";
			hasScannedForEncodings = 1;
			mainGroup = 0867D691FE84028FC02AAC07 /* Nu */;
			productRefGroup = 034768DFFF38A50411DB9C8B /* Products */;
			projectDirPath = "";
			projectRoot = "";
			targets = (
				8DC2EF4F0486A6940098B216 /* Nu */,
				2283073011DDBE3100A5C690 /* nush */,
			);
		};
/* End PBXProject section */

/* Begin PBXResourcesBuildPhase section */
		8DC2EF520486A6940098B216 /* Resources */ = {
			isa = PBXResourcesBuildPhase;
			buildActionMask = 2147483647;
			files = (
				8DC2EF530486A6940098B216 /* InfoPlist.strings in Resources */,
				2283070411DDBBD100A5C690 /* beautify.nu in Resources */,
				2283070511DDBBD100A5C690 /* bridgesupport.nu in Resources */,
				2283070611DDBBD100A5C690 /* cocoa.nu in Resources */,
				2283070711DDBBD100A5C690 /* console.nu in Resources */,
				2283070811DDBBD100A5C690 /* coredata.nu in Resources */,
				2283070911DDBBD100A5C690 /* doc.nu in Resources */,
				2283070A11DDBBD100A5C690 /* fscript.nu in Resources */,
				2283070B11DDBBD100A5C690 /* generate.nu in Resources */,
				2283070C11DDBBD100A5C690 /* help.nu in Resources */,
				2283070D11DDBBD100A5C690 /* match.nu in Resources */,
				2283070E11DDBBD100A5C690 /* math.nu in Resources */,
				2283070F11DDBBD100A5C690 /* menu.nu in Resources */,
				2283071011DDBBD100A5C690 /* nibtools.nu in Resources */,
				2283071111DDBBD100A5C690 /* nu.nu in Resources */,
				2283071211DDBBD100A5C690 /* template.nu in Resources */,
				2283071311DDBBD100A5C690 /* test.nu in Resources */,
			);
			runOnlyForDeploymentPostprocessing = 0;
		};
/* End PBXResourcesBuildPhase section */

/* Begin PBXSourcesBuildPhase section */
		2283072E11DDBE3100A5C690 /* Sources */ = {
			isa = PBXSourcesBuildPhase;
			buildActionMask = 2147483647;
			files = (
				2283073D11DDBE7300A5C690 /* main.m in Sources */,
			);
			runOnlyForDeploymentPostprocessing = 0;
		};
		8DC2EF540486A6940098B216 /* Sources */ = {
			isa = PBXSourcesBuildPhase;
			buildActionMask = 2147483647;
			files = (
				224276A711DD73E500940005 /* block.m in Sources */,
				224276A911DD73E500940005 /* bridge.m in Sources */,
				224276AB11DD73E500940005 /* bridgesupport.m in Sources */,
				224276AD11DD73E500940005 /* cell.m in Sources */,
				224276AF11DD73E500940005 /* class.m in Sources */,
				224276B011DD73E500940005 /* dtrace.d in Sources */,
				224276B311DD73E500940005 /* enumerable.m in Sources */,
				224276B511DD73E500940005 /* extensions.m in Sources */,
				224276B711DD73E500940005 /* handler.m in Sources */,
				224276B811DD73E500940005 /* ivars.m in Sources */,
				224276B911DD73E500940005 /* mach_override.c in Sources */,
				224276BC11DD73E500940005 /* macro_0.m in Sources */,
				224276BE11DD73E500940005 /* macro_1.m in Sources */,
				224276C011DD73E500940005 /* method.m in Sources */,
				224276C111DD73E500940005 /* nu.m in Sources */,
				224276C511DD73E500940005 /* objc_runtime.m in Sources */,
				224276C711DD73E500940005 /* object.m in Sources */,
				224276C911DD73E500940005 /* operator.m in Sources */,
				224276CA11DD73E500940005 /* overrides.m in Sources */,
				224276CC11DD73E500940005 /* parser.m in Sources */,
				224276CE11DD73E500940005 /* pointer.m in Sources */,
				224276D011DD73E500940005 /* profiler.m in Sources */,
				224276D111DD73E500940005 /* protocol.m in Sources */,
				224276D311DD73E500940005 /* reference.m in Sources */,
				224276D511DD73E500940005 /* regex.m in Sources */,
				224276D611DD73E500940005 /* st.c in Sources */,
				224276D911DD73E500940005 /* stack.m in Sources */,
				224276DB11DD73E500940005 /* super.m in Sources */,
				224276DC11DD73E500940005 /* swizzles.m in Sources */,
				224276DE11DD73E500940005 /* symbol.m in Sources */,
				224276DF11DD73E500940005 /* testhelper.m in Sources */,
				22B78A1E11DE98AF0022EE11 /* pcre_chartables.c in Sources */,
				22B78A1F11DE98AF0022EE11 /* pcre_compile.c in Sources */,
				22B78A2011DE98AF0022EE11 /* pcre_config.c in Sources */,
				22B78A2111DE98AF0022EE11 /* pcre_dfa_exec.c in Sources */,
				22B78A2211DE98AF0022EE11 /* pcre_exec.c in Sources */,
				22B78A2311DE98AF0022EE11 /* pcre_fullinfo.c in Sources */,
				22B78A2411DE98AF0022EE11 /* pcre_get.c in Sources */,
				22B78A2511DE98AF0022EE11 /* pcre_globals.c in Sources */,
				22B78A2611DE98AF0022EE11 /* pcre_info.c in Sources */,
				22B78A2811DE98AF0022EE11 /* pcre_maketables.c in Sources */,
				22B78A2911DE98AF0022EE11 /* pcre_newline.c in Sources */,
				22B78A2A11DE98AF0022EE11 /* pcre_ord2utf8.c in Sources */,
				22B78A2B11DE98AF0022EE11 /* pcre_refcount.c in Sources */,
				22B78A2E11DE98AF0022EE11 /* pcre_study.c in Sources */,
				22B78A2F11DE98AF0022EE11 /* pcre_tables.c in Sources */,
				22B78A3011DE98AF0022EE11 /* pcre_try_flipped.c in Sources */,
				22B78A3111DE98AF0022EE11 /* pcre_ucd.c in Sources */,
				22B78A3211DE98AF0022EE11 /* pcre_valid_utf8.c in Sources */,
				22B78A3311DE98AF0022EE11 /* pcre_version.c in Sources */,
				22B78A3411DE98AF0022EE11 /* pcre_xclass.c in Sources */,
				22B78A3811DE98AF0022EE11 /* pcreposix.c in Sources */,
			);
			runOnlyForDeploymentPostprocessing = 0;
		};
/* End PBXSourcesBuildPhase section */

/* Begin PBXTargetDependency section */
		2283074311DDBEA300A5C690 /* PBXTargetDependency */ = {
			isa = PBXTargetDependency;
			target = 8DC2EF4F0486A6940098B216 /* Nu */;
			targetProxy = 2283074211DDBEA300A5C690 /* PBXContainerItemProxy */;
		};
/* End PBXTargetDependency section */

/* Begin PBXVariantGroup section */
		089C1666FE841158C02AAC07 /* InfoPlist.strings */ = {
			isa = PBXVariantGroup;
			children = (
				089C1667FE841158C02AAC07 /* English */,
			);
			name = InfoPlist.strings;
			sourceTree = "<group>";
		};
/* End PBXVariantGroup section */

/* Begin XCBuildConfiguration section */
		1DEB91AE08733DA50010E9CD /* Debug */ = {
			isa = XCBuildConfiguration;
			buildSettings = {
				ALWAYS_SEARCH_USER_PATHS = NO;
				COPY_PHASE_STRIP = NO;
				DYLIB_COMPATIBILITY_VERSION = 1;
				DYLIB_CURRENT_VERSION = 1;
				FRAMEWORK_VERSION = A;
				GCC_DYNAMIC_NO_PIC = NO;
				GCC_ENABLE_FIX_AND_CONTINUE = YES;
				GCC_MODEL_TUNING = G5;
				GCC_OPTIMIZATION_LEVEL = 0;
				GCC_PRECOMPILE_PREFIX_HEADER = YES;
				GCC_PREFIX_HEADER = Nu_Prefix.pch;
				INFOPLIST_FILE = Info.plist;
				INSTALL_PATH = "$(HOME)/Library/Frameworks";
				PRODUCT_NAME = Nu;
				WRAPPER_EXTENSION = framework;
			};
			name = Debug;
		};
		1DEB91AF08733DA50010E9CD /* Release */ = {
			isa = XCBuildConfiguration;
			buildSettings = {
				ALWAYS_SEARCH_USER_PATHS = NO;
				DEBUG_INFORMATION_FORMAT = "dwarf-with-dsym";
				DYLIB_COMPATIBILITY_VERSION = 1;
				DYLIB_CURRENT_VERSION = 1;
				FRAMEWORK_VERSION = A;
				GCC_MODEL_TUNING = G5;
				GCC_PRECOMPILE_PREFIX_HEADER = YES;
				GCC_PREFIX_HEADER = Nu_Prefix.pch;
				INFOPLIST_FILE = Info.plist;
				INSTALL_PATH = "$(HOME)/Library/Frameworks";
				PRODUCT_NAME = Nu;
				WRAPPER_EXTENSION = framework;
			};
			name = Release;
		};
		1DEB91B208733DA50010E9CD /* Debug */ = {
			isa = XCBuildConfiguration;
			buildSettings = {
				ARCHS = "$(ARCHS_STANDARD_32_64_BIT)";
				GCC_C_LANGUAGE_STANDARD = gnu99;
				GCC_ENABLE_OBJC_GC = supported;
				GCC_OPTIMIZATION_LEVEL = 0;
				GCC_PREPROCESSOR_DEFINITIONS = (
					SNOWLEOPARD,
					HAVE_CONFIG_H,
					DARWIN,
				);
				GCC_WARN_ABOUT_RETURN_TYPE = YES;
				GCC_WARN_UNUSED_VARIABLE = YES;
				HEADER_SEARCH_PATHS = /usr/local/include;
				ONLY_ACTIVE_ARCH = YES;
				OTHER_LDFLAGS = (
					"-ledit",
					"-lffi",
				);
				PREBINDING = NO;
				SDKROOT = macosx10.6;
			};
			name = Debug;
		};
		1DEB91B308733DA50010E9CD /* Release */ = {
			isa = XCBuildConfiguration;
			buildSettings = {
				ARCHS = "$(ARCHS_STANDARD_32_64_BIT)";
				GCC_C_LANGUAGE_STANDARD = gnu99;
				GCC_ENABLE_OBJC_GC = supported;
				GCC_PREPROCESSOR_DEFINITIONS = (
					SNOWLEOPARD,
					HAVE_CONFIG_H,
					DARWIN,
				);
				GCC_WARN_ABOUT_RETURN_TYPE = YES;
				GCC_WARN_UNUSED_VARIABLE = YES;
				HEADER_SEARCH_PATHS = /usr/local/include;
				OTHER_LDFLAGS = (
					"-ledit",
					"-lffi",
				);
				PREBINDING = NO;
				SDKROOT = macosx10.6;
			};
			name = Release;
		};
		2283073311DDBE3200A5C690 /* Debug */ = {
			isa = XCBuildConfiguration;
			buildSettings = {
				ALWAYS_SEARCH_USER_PATHS = NO;
				COPY_PHASE_STRIP = NO;
				GCC_DYNAMIC_NO_PIC = NO;
				GCC_ENABLE_FIX_AND_CONTINUE = YES;
				GCC_MODEL_TUNING = G5;
				GCC_OPTIMIZATION_LEVEL = 0;
				GCC_PRECOMPILE_PREFIX_HEADER = YES;
				GCC_PREFIX_HEADER = "$(SYSTEM_LIBRARY_DIR)/Frameworks/AppKit.framework/Headers/AppKit.h";
				INSTALL_PATH = /usr/local/bin;
				OTHER_LDFLAGS = (
					"-framework",
					Foundation,
					"-framework",
					AppKit,
				);
				PREBINDING = NO;
				PRODUCT_NAME = nush;
			};
			name = Debug;
		};
		2283073411DDBE3200A5C690 /* Release */ = {
			isa = XCBuildConfiguration;
			buildSettings = {
				ALWAYS_SEARCH_USER_PATHS = NO;
				COPY_PHASE_STRIP = YES;
				DEBUG_INFORMATION_FORMAT = "dwarf-with-dsym";
				GCC_ENABLE_FIX_AND_CONTINUE = NO;
				GCC_MODEL_TUNING = G5;
				GCC_PRECOMPILE_PREFIX_HEADER = YES;
				GCC_PREFIX_HEADER = "$(SYSTEM_LIBRARY_DIR)/Frameworks/AppKit.framework/Headers/AppKit.h";
				INSTALL_PATH = /usr/local/bin;
				OTHER_LDFLAGS = (
					"-framework",
					Foundation,
					"-framework",
					AppKit,
				);
				PREBINDING = NO;
				PRODUCT_NAME = nush;
				ZERO_LINK = NO;
			};
			name = Release;
		};
/* End XCBuildConfiguration section */

/* Begin XCConfigurationList section */
		1DEB91AD08733DA50010E9CD /* Build configuration list for PBXNativeTarget "Nu" */ = {
			isa = XCConfigurationList;
			buildConfigurations = (
				1DEB91AE08733DA50010E9CD /* Debug */,
				1DEB91AF08733DA50010E9CD /* Release */,
			);
			defaultConfigurationIsVisible = 0;
			defaultConfigurationName = Release;
		};
		1DEB91B108733DA50010E9CD /* Build configuration list for PBXProject "Nu" */ = {
			isa = XCConfigurationList;
			buildConfigurations = (
				1DEB91B208733DA50010E9CD /* Debug */,
				1DEB91B308733DA50010E9CD /* Release */,
			);
			defaultConfigurationIsVisible = 0;
			defaultConfigurationName = Release;
		};
		2283073B11DDBE3A00A5C690 /* Build configuration list for PBXNativeTarget "nush" */ = {
			isa = XCConfigurationList;
			buildConfigurations = (
				2283073311DDBE3200A5C690 /* Debug */,
				2283073411DDBE3200A5C690 /* Release */,
			);
			defaultConfigurationIsVisible = 0;
			defaultConfigurationName = Release;
		};
/* End XCConfigurationList section */
	};
	rootObject = 0867D690FE84028FC02AAC07 /* Project object */;
}
