// !$*UTF8*$!
{
	archiveVersion = 1;
	classes = {
	};
	objectVersion = 45;
	objects = {

/* Begin PBXBuildFile section */
		1D60589F0D05DD5A006BFB54 /* Foundation.framework in Frameworks */ = {isa = PBXBuildFile; fileRef = 1D30AB110D05D00D00671497 /* Foundation.framework */; };
		1DF5F4E00D08C38300B7A737 /* UIKit.framework in Frameworks */ = {isa = PBXBuildFile; fileRef = 1DF5F4DF0D08C38300B7A737 /* UIKit.framework */; };
		222BF10B11DE8BCD00E20A3F /* Icon.png in Resources */ = {isa = PBXBuildFile; fileRef = 222BF10A11DE8BCD00E20A3F /* Icon.png */; };
		228307E011DE5E4F00A5C690 /* ffi-iphone.c in Sources */ = {isa = PBXBuildFile; fileRef = 228307CF11DE5E4F00A5C690 /* ffi-iphone.c */; };
		228307E111DE5E4F00A5C690 /* ffi-iphonesimulator.c in Sources */ = {isa = PBXBuildFile; fileRef = 228307D111DE5E4F00A5C690 /* ffi-iphonesimulator.c */; };
		228307E211DE5E4F00A5C690 /* iphone-sysv.S in Sources */ = {isa = PBXBuildFile; fileRef = 228307D911DE5E4F00A5C690 /* iphone-sysv.S */; };
		228307E311DE5E4F00A5C690 /* iphonesimulator-darwin.S in Sources */ = {isa = PBXBuildFile; fileRef = 228307DA11DE5E4F00A5C690 /* iphonesimulator-darwin.S */; };
		228307E511DE5E4F00A5C690 /* prep_cif.c in Sources */ = {isa = PBXBuildFile; fileRef = 228307DC11DE5E4F00A5C690 /* prep_cif.c */; };
		228307E611DE5E4F00A5C690 /* raw_api.c in Sources */ = {isa = PBXBuildFile; fileRef = 228307DD11DE5E4F00A5C690 /* raw_api.c */; };
		228307E811DE5E4F00A5C690 /* types.c in Sources */ = {isa = PBXBuildFile; fileRef = 228307DF11DE5E4F00A5C690 /* types.c */; };
		2283082711DE5E9D00A5C690 /* pcre_chartables.c in Sources */ = {isa = PBXBuildFile; fileRef = 228307F311DE5E9D00A5C690 /* pcre_chartables.c */; };
		2283082911DE5E9D00A5C690 /* pcre_compile.c in Sources */ = {isa = PBXBuildFile; fileRef = 228307F511DE5E9D00A5C690 /* pcre_compile.c */; };
		2283082B11DE5E9D00A5C690 /* pcre_config.c in Sources */ = {isa = PBXBuildFile; fileRef = 228307F711DE5E9D00A5C690 /* pcre_config.c */; };
		2283082D11DE5E9D00A5C690 /* pcre_dfa_exec.c in Sources */ = {isa = PBXBuildFile; fileRef = 228307F911DE5E9D00A5C690 /* pcre_dfa_exec.c */; };
		2283082F11DE5E9D00A5C690 /* pcre_exec.c in Sources */ = {isa = PBXBuildFile; fileRef = 228307FB11DE5E9D00A5C690 /* pcre_exec.c */; };
		2283083111DE5E9D00A5C690 /* pcre_fullinfo.c in Sources */ = {isa = PBXBuildFile; fileRef = 228307FD11DE5E9D00A5C690 /* pcre_fullinfo.c */; };
		2283083311DE5E9D00A5C690 /* pcre_get.c in Sources */ = {isa = PBXBuildFile; fileRef = 228307FF11DE5E9D00A5C690 /* pcre_get.c */; };
		2283083511DE5E9D00A5C690 /* pcre_globals.c in Sources */ = {isa = PBXBuildFile; fileRef = 2283080111DE5E9D00A5C690 /* pcre_globals.c */; };
		2283083711DE5E9D00A5C690 /* pcre_info.c in Sources */ = {isa = PBXBuildFile; fileRef = 2283080311DE5E9D00A5C690 /* pcre_info.c */; };
		2283083911DE5E9D00A5C690 /* pcre_maketables.c in Sources */ = {isa = PBXBuildFile; fileRef = 2283080611DE5E9D00A5C690 /* pcre_maketables.c */; };
		2283083B11DE5E9D00A5C690 /* pcre_newline.c in Sources */ = {isa = PBXBuildFile; fileRef = 2283080811DE5E9D00A5C690 /* pcre_newline.c */; };
		2283083D11DE5E9D00A5C690 /* pcre_ord2utf8.c in Sources */ = {isa = PBXBuildFile; fileRef = 2283080A11DE5E9D00A5C690 /* pcre_ord2utf8.c */; };
		2283083F11DE5E9D00A5C690 /* pcre_refcount.c in Sources */ = {isa = PBXBuildFile; fileRef = 2283080C11DE5E9D00A5C690 /* pcre_refcount.c */; };
		2283084111DE5E9D00A5C690 /* pcre_study.c in Sources */ = {isa = PBXBuildFile; fileRef = 2283081011DE5E9D00A5C690 /* pcre_study.c */; };
		2283084311DE5E9D00A5C690 /* pcre_tables.c in Sources */ = {isa = PBXBuildFile; fileRef = 2283081211DE5E9D00A5C690 /* pcre_tables.c */; };
		2283084511DE5E9D00A5C690 /* pcre_try_flipped.c in Sources */ = {isa = PBXBuildFile; fileRef = 2283081411DE5E9D00A5C690 /* pcre_try_flipped.c */; };
		2283084711DE5E9D00A5C690 /* pcre_ucd.c in Sources */ = {isa = PBXBuildFile; fileRef = 2283081611DE5E9D00A5C690 /* pcre_ucd.c */; };
		2283084911DE5E9D00A5C690 /* pcre_valid_utf8.c in Sources */ = {isa = PBXBuildFile; fileRef = 2283081811DE5E9D00A5C690 /* pcre_valid_utf8.c */; };
		2283084B11DE5E9D00A5C690 /* pcre_version.c in Sources */ = {isa = PBXBuildFile; fileRef = 2283081A11DE5E9D00A5C690 /* pcre_version.c */; };
		2283084D11DE5E9D00A5C690 /* pcre_xclass.c in Sources */ = {isa = PBXBuildFile; fileRef = 2283081C11DE5E9D00A5C690 /* pcre_xclass.c */; };
		2283084F11DE5E9D00A5C690 /* pcreposix.c in Sources */ = {isa = PBXBuildFile; fileRef = 2283082111DE5E9D00A5C690 /* pcreposix.c */; };
		22956E4C12B9E31C00B42E63 /* mach_override.c in Sources */ = {isa = PBXBuildFile; fileRef = 22956E0E12B9E31C00B42E63 /* mach_override.c */; };
		22956E4D12B9E31C00B42E63 /* Nu.m in Sources */ = {isa = PBXBuildFile; fileRef = 22956E1012B9E31C00B42E63 /* Nu.m */; };
		22956E4E12B9E31C00B42E63 /* NuBlock.m in Sources */ = {isa = PBXBuildFile; fileRef = 22956E1212B9E31C00B42E63 /* NuBlock.m */; };
		22956E4F12B9E31C00B42E63 /* NuBridge.m in Sources */ = {isa = PBXBuildFile; fileRef = 22956E1412B9E31C00B42E63 /* NuBridge.m */; };
		22956E5012B9E31C00B42E63 /* NuBridgeSupport.m in Sources */ = {isa = PBXBuildFile; fileRef = 22956E1612B9E31C00B42E63 /* NuBridgeSupport.m */; };
		22956E5112B9E31C00B42E63 /* NuCell.m in Sources */ = {isa = PBXBuildFile; fileRef = 22956E1812B9E31C00B42E63 /* NuCell.m */; };
		22956E5212B9E31C00B42E63 /* NuClass.m in Sources */ = {isa = PBXBuildFile; fileRef = 22956E1A12B9E31C00B42E63 /* NuClass.m */; };
		22956E5412B9E31C00B42E63 /* NuEnumerable.m in Sources */ = {isa = PBXBuildFile; fileRef = 22956E1E12B9E31C00B42E63 /* NuEnumerable.m */; };
		22956E5512B9E31C00B42E63 /* NuException.m in Sources */ = {isa = PBXBuildFile; fileRef = 22956E2012B9E31C00B42E63 /* NuException.m */; };
		22956E5612B9E31C00B42E63 /* NuExtensions.m in Sources */ = {isa = PBXBuildFile; fileRef = 22956E2212B9E31C00B42E63 /* NuExtensions.m */; };
		22956E5712B9E31C00B42E63 /* NuHandler.m in Sources */ = {isa = PBXBuildFile; fileRef = 22956E2412B9E31C00B42E63 /* NuHandler.m */; };
		22956E5812B9E31C00B42E63 /* NuIvars.m in Sources */ = {isa = PBXBuildFile; fileRef = 22956E2612B9E31C00B42E63 /* NuIvars.m */; };
		22956E5912B9E31C00B42E63 /* NuMacro_0.m in Sources */ = {isa = PBXBuildFile; fileRef = 22956E2812B9E31C00B42E63 /* NuMacro_0.m */; };
		22956E5A12B9E31C00B42E63 /* NuMacro_1.m in Sources */ = {isa = PBXBuildFile; fileRef = 22956E2A12B9E31C00B42E63 /* NuMacro_1.m */; };
		22956E5B12B9E31C00B42E63 /* NuMethod.m in Sources */ = {isa = PBXBuildFile; fileRef = 22956E2D12B9E31C00B42E63 /* NuMethod.m */; };
		22956E5C12B9E31C00B42E63 /* NuObjCRuntime.m in Sources */ = {isa = PBXBuildFile; fileRef = 22956E2F12B9E31C00B42E63 /* NuObjCRuntime.m */; };
		22956E5D12B9E31C00B42E63 /* NuObject.m in Sources */ = {isa = PBXBuildFile; fileRef = 22956E3112B9E31C00B42E63 /* NuObject.m */; };
		22956E5E12B9E31C00B42E63 /* NuOperator.m in Sources */ = {isa = PBXBuildFile; fileRef = 22956E3312B9E31C00B42E63 /* NuOperator.m */; };
		22956E5F12B9E31C00B42E63 /* NuOverrides.m in Sources */ = {isa = PBXBuildFile; fileRef = 22956E3412B9E31C00B42E63 /* NuOverrides.m */; };
		22956E6012B9E31C00B42E63 /* NuParser.m in Sources */ = {isa = PBXBuildFile; fileRef = 22956E3612B9E31C00B42E63 /* NuParser.m */; };
		22956E6112B9E31C00B42E63 /* NuPointer.m in Sources */ = {isa = PBXBuildFile; fileRef = 22956E3812B9E31C00B42E63 /* NuPointer.m */; };
		22956E6212B9E31C00B42E63 /* NuProfiler.m in Sources */ = {isa = PBXBuildFile; fileRef = 22956E3A12B9E31C00B42E63 /* NuProfiler.m */; };
		22956E6312B9E31C00B42E63 /* NuProtocol.m in Sources */ = {isa = PBXBuildFile; fileRef = 22956E3B12B9E31C00B42E63 /* NuProtocol.m */; };
		22956E6412B9E31C00B42E63 /* NuReference.m in Sources */ = {isa = PBXBuildFile; fileRef = 22956E3D12B9E31C00B42E63 /* NuReference.m */; };
		22956E6512B9E31C00B42E63 /* NuRegex.m in Sources */ = {isa = PBXBuildFile; fileRef = 22956E3F12B9E31C00B42E63 /* NuRegex.m */; };
		22956E6612B9E31C00B42E63 /* NuStack.m in Sources */ = {isa = PBXBuildFile; fileRef = 22956E4112B9E31C00B42E63 /* NuStack.m */; };
		22956E6712B9E31C00B42E63 /* NuSuper.m in Sources */ = {isa = PBXBuildFile; fileRef = 22956E4312B9E31C00B42E63 /* NuSuper.m */; };
		22956E6812B9E31C00B42E63 /* NuSwizzles.m in Sources */ = {isa = PBXBuildFile; fileRef = 22956E4412B9E31C00B42E63 /* NuSwizzles.m */; };
		22956E6912B9E31C00B42E63 /* NuSymbol.m in Sources */ = {isa = PBXBuildFile; fileRef = 22956E4612B9E31C00B42E63 /* NuSymbol.m */; };
		22956E6A12B9E31C00B42E63 /* NuTestHelper.m in Sources */ = {isa = PBXBuildFile; fileRef = 22956E4712B9E31C00B42E63 /* NuTestHelper.m */; };
		22956E6B12B9E31C00B42E63 /* st.c in Sources */ = {isa = PBXBuildFile; fileRef = 22956E4A12B9E31C00B42E63 /* st.c */; };
		22A292B411DE6E18008B1084 /* main.nu in Resources */ = {isa = PBXBuildFile; fileRef = 2283091911DE6B7800A5C690 /* main.nu */; };
		22A2932E11DE8450008B1084 /* handlers.m in Sources */ = {isa = PBXBuildFile; fileRef = 22A2932D11DE8450008B1084 /* handlers.m */; };
		22E7304A11AB5E210014052A /* main.m in Sources */ = {isa = PBXBuildFile; fileRef = 22E7304811AB5E210014052A /* main.m */; };
/* End PBXBuildFile section */

/* Begin PBXFileReference section */
		1D30AB110D05D00D00671497 /* Foundation.framework */ = {isa = PBXFileReference; lastKnownFileType = wrapper.framework; name = Foundation.framework; path = System/Library/Frameworks/Foundation.framework; sourceTree = SDKROOT; };
		1D6058910D05DD3D006BFB54 /* NuApp.app */ = {isa = PBXFileReference; explicitFileType = wrapper.application; includeInIndex = 0; path = NuApp.app; sourceTree = BUILT_PRODUCTS_DIR; };
		1DF5F4DF0D08C38300B7A737 /* UIKit.framework */ = {isa = PBXFileReference; lastKnownFileType = wrapper.framework; name = UIKit.framework; path = System/Library/Frameworks/UIKit.framework; sourceTree = SDKROOT; };
		222BF10A11DE8BCD00E20A3F /* Icon.png */ = {isa = PBXFileReference; lastKnownFileType = image.png; name = Icon.png; path = ../Icon.png; sourceTree = "<group>"; };
		228307CF11DE5E4F00A5C690 /* ffi-iphone.c */ = {isa = PBXFileReference; fileEncoding = 4; lastKnownFileType = sourcecode.c.c; path = "ffi-iphone.c"; sourceTree = "<group>"; };
		228307D011DE5E4F00A5C690 /* ffi-iphone.h */ = {isa = PBXFileReference; fileEncoding = 4; lastKnownFileType = sourcecode.c.h; path = "ffi-iphone.h"; sourceTree = "<group>"; };
		228307D111DE5E4F00A5C690 /* ffi-iphonesimulator.c */ = {isa = PBXFileReference; fileEncoding = 4; lastKnownFileType = sourcecode.c.c; path = "ffi-iphonesimulator.c"; sourceTree = "<group>"; };
		228307D211DE5E4F00A5C690 /* ffi-iphonesimulator.h */ = {isa = PBXFileReference; fileEncoding = 4; lastKnownFileType = sourcecode.c.h; path = "ffi-iphonesimulator.h"; sourceTree = "<group>"; };
		228307D311DE5E4F00A5C690 /* ffi.h */ = {isa = PBXFileReference; fileEncoding = 4; lastKnownFileType = sourcecode.c.h; path = ffi.h; sourceTree = "<group>"; };
		228307D411DE5E4F00A5C690 /* ffi_common.h */ = {isa = PBXFileReference; fileEncoding = 4; lastKnownFileType = sourcecode.c.h; path = ffi_common.h; sourceTree = "<group>"; };
		228307D511DE5E4F00A5C690 /* fficonfig.h */ = {isa = PBXFileReference; fileEncoding = 4; lastKnownFileType = sourcecode.c.h; path = fficonfig.h; sourceTree = "<group>"; };
		228307D611DE5E4F00A5C690 /* ffitarget-iphone.h */ = {isa = PBXFileReference; fileEncoding = 4; lastKnownFileType = sourcecode.c.h; path = "ffitarget-iphone.h"; sourceTree = "<group>"; };
		228307D711DE5E4F00A5C690 /* ffitarget-iphonesimulator.h */ = {isa = PBXFileReference; fileEncoding = 4; lastKnownFileType = sourcecode.c.h; path = "ffitarget-iphonesimulator.h"; sourceTree = "<group>"; };
		228307D811DE5E4F00A5C690 /* ffitarget.h */ = {isa = PBXFileReference; fileEncoding = 4; lastKnownFileType = sourcecode.c.h; path = ffitarget.h; sourceTree = "<group>"; };
		228307D911DE5E4F00A5C690 /* iphone-sysv.S */ = {isa = PBXFileReference; fileEncoding = 4; lastKnownFileType = sourcecode.asm; path = "iphone-sysv.S"; sourceTree = "<group>"; };
		228307DA11DE5E4F00A5C690 /* iphonesimulator-darwin.S */ = {isa = PBXFileReference; fileEncoding = 4; lastKnownFileType = sourcecode.asm; path = "iphonesimulator-darwin.S"; sourceTree = "<group>"; };
		228307DC11DE5E4F00A5C690 /* prep_cif.c */ = {isa = PBXFileReference; fileEncoding = 4; lastKnownFileType = sourcecode.c.c; path = prep_cif.c; sourceTree = "<group>"; };
		228307DD11DE5E4F00A5C690 /* raw_api.c */ = {isa = PBXFileReference; fileEncoding = 4; lastKnownFileType = sourcecode.c.c; path = raw_api.c; sourceTree = "<group>"; };
		228307DF11DE5E4F00A5C690 /* types.c */ = {isa = PBXFileReference; fileEncoding = 4; lastKnownFileType = sourcecode.c.c; path = types.c; sourceTree = "<group>"; };
		228307EB11DE5E8A00A5C690 /* Info.plist */ = {isa = PBXFileReference; fileEncoding = 4; lastKnownFileType = text.plist.xml; path = Info.plist; sourceTree = "<group>"; };
		228307F011DE5E9D00A5C690 /* config.h */ = {isa = PBXFileReference; fileEncoding = 4; lastKnownFileType = sourcecode.c.h; path = config.h; sourceTree = "<group>"; };
		228307F211DE5E9D00A5C690 /* pcre.h */ = {isa = PBXFileReference; fileEncoding = 4; lastKnownFileType = sourcecode.c.h; path = pcre.h; sourceTree = "<group>"; };
		228307F311DE5E9D00A5C690 /* pcre_chartables.c */ = {isa = PBXFileReference; fileEncoding = 4; lastKnownFileType = sourcecode.c.c; path = pcre_chartables.c; sourceTree = "<group>"; };
		228307F511DE5E9D00A5C690 /* pcre_compile.c */ = {isa = PBXFileReference; fileEncoding = 4; lastKnownFileType = sourcecode.c.c; path = pcre_compile.c; sourceTree = "<group>"; };
		228307F711DE5E9D00A5C690 /* pcre_config.c */ = {isa = PBXFileReference; fileEncoding = 4; lastKnownFileType = sourcecode.c.c; path = pcre_config.c; sourceTree = "<group>"; };
		228307F911DE5E9D00A5C690 /* pcre_dfa_exec.c */ = {isa = PBXFileReference; fileEncoding = 4; lastKnownFileType = sourcecode.c.c; path = pcre_dfa_exec.c; sourceTree = "<group>"; };
		228307FB11DE5E9D00A5C690 /* pcre_exec.c */ = {isa = PBXFileReference; fileEncoding = 4; lastKnownFileType = sourcecode.c.c; path = pcre_exec.c; sourceTree = "<group>"; };
		228307FD11DE5E9D00A5C690 /* pcre_fullinfo.c */ = {isa = PBXFileReference; fileEncoding = 4; lastKnownFileType = sourcecode.c.c; path = pcre_fullinfo.c; sourceTree = "<group>"; };
		228307FF11DE5E9D00A5C690 /* pcre_get.c */ = {isa = PBXFileReference; fileEncoding = 4; lastKnownFileType = sourcecode.c.c; path = pcre_get.c; sourceTree = "<group>"; };
		2283080111DE5E9D00A5C690 /* pcre_globals.c */ = {isa = PBXFileReference; fileEncoding = 4; lastKnownFileType = sourcecode.c.c; path = pcre_globals.c; sourceTree = "<group>"; };
		2283080311DE5E9D00A5C690 /* pcre_info.c */ = {isa = PBXFileReference; fileEncoding = 4; lastKnownFileType = sourcecode.c.c; path = pcre_info.c; sourceTree = "<group>"; };
		2283080511DE5E9D00A5C690 /* pcre_internal.h */ = {isa = PBXFileReference; fileEncoding = 4; lastKnownFileType = sourcecode.c.h; path = pcre_internal.h; sourceTree = "<group>"; };
		2283080611DE5E9D00A5C690 /* pcre_maketables.c */ = {isa = PBXFileReference; fileEncoding = 4; lastKnownFileType = sourcecode.c.c; path = pcre_maketables.c; sourceTree = "<group>"; };
		2283080811DE5E9D00A5C690 /* pcre_newline.c */ = {isa = PBXFileReference; fileEncoding = 4; lastKnownFileType = sourcecode.c.c; path = pcre_newline.c; sourceTree = "<group>"; };
		2283080A11DE5E9D00A5C690 /* pcre_ord2utf8.c */ = {isa = PBXFileReference; fileEncoding = 4; lastKnownFileType = sourcecode.c.c; path = pcre_ord2utf8.c; sourceTree = "<group>"; };
		2283080C11DE5E9D00A5C690 /* pcre_refcount.c */ = {isa = PBXFileReference; fileEncoding = 4; lastKnownFileType = sourcecode.c.c; path = pcre_refcount.c; sourceTree = "<group>"; };
		2283080E11DE5E9D00A5C690 /* pcre_scanner.h */ = {isa = PBXFileReference; fileEncoding = 4; lastKnownFileType = sourcecode.c.h; path = pcre_scanner.h; sourceTree = "<group>"; };
		2283080F11DE5E9D00A5C690 /* pcre_stringpiece.h */ = {isa = PBXFileReference; fileEncoding = 4; lastKnownFileType = sourcecode.c.h; path = pcre_stringpiece.h; sourceTree = "<group>"; };
		2283081011DE5E9D00A5C690 /* pcre_study.c */ = {isa = PBXFileReference; fileEncoding = 4; lastKnownFileType = sourcecode.c.c; path = pcre_study.c; sourceTree = "<group>"; };
		2283081211DE5E9D00A5C690 /* pcre_tables.c */ = {isa = PBXFileReference; fileEncoding = 4; lastKnownFileType = sourcecode.c.c; path = pcre_tables.c; sourceTree = "<group>"; };
		2283081411DE5E9D00A5C690 /* pcre_try_flipped.c */ = {isa = PBXFileReference; fileEncoding = 4; lastKnownFileType = sourcecode.c.c; path = pcre_try_flipped.c; sourceTree = "<group>"; };
		2283081611DE5E9D00A5C690 /* pcre_ucd.c */ = {isa = PBXFileReference; fileEncoding = 4; lastKnownFileType = sourcecode.c.c; path = pcre_ucd.c; sourceTree = "<group>"; };
		2283081811DE5E9D00A5C690 /* pcre_valid_utf8.c */ = {isa = PBXFileReference; fileEncoding = 4; lastKnownFileType = sourcecode.c.c; path = pcre_valid_utf8.c; sourceTree = "<group>"; };
		2283081A11DE5E9D00A5C690 /* pcre_version.c */ = {isa = PBXFileReference; fileEncoding = 4; lastKnownFileType = sourcecode.c.c; path = pcre_version.c; sourceTree = "<group>"; };
		2283081C11DE5E9D00A5C690 /* pcre_xclass.c */ = {isa = PBXFileReference; fileEncoding = 4; lastKnownFileType = sourcecode.c.c; path = pcre_xclass.c; sourceTree = "<group>"; };
		2283081E11DE5E9D00A5C690 /* pcrecpp.h */ = {isa = PBXFileReference; fileEncoding = 4; lastKnownFileType = sourcecode.c.h; path = pcrecpp.h; sourceTree = "<group>"; };
		2283081F11DE5E9D00A5C690 /* pcrecpp_internal.h */ = {isa = PBXFileReference; fileEncoding = 4; lastKnownFileType = sourcecode.c.h; path = pcrecpp_internal.h; sourceTree = "<group>"; };
		2283082011DE5E9D00A5C690 /* pcrecpparg.h */ = {isa = PBXFileReference; fileEncoding = 4; lastKnownFileType = sourcecode.c.h; path = pcrecpparg.h; sourceTree = "<group>"; };
		2283082111DE5E9D00A5C690 /* pcreposix.c */ = {isa = PBXFileReference; fileEncoding = 4; lastKnownFileType = sourcecode.c.c; path = pcreposix.c; sourceTree = "<group>"; };
		2283082211DE5E9D00A5C690 /* pcreposix.h */ = {isa = PBXFileReference; fileEncoding = 4; lastKnownFileType = sourcecode.c.h; path = pcreposix.h; sourceTree = "<group>"; };
		2283082511DE5E9D00A5C690 /* ucp.h */ = {isa = PBXFileReference; fileEncoding = 4; lastKnownFileType = sourcecode.c.h; path = ucp.h; sourceTree = "<group>"; };
		2283091911DE6B7800A5C690 /* main.nu */ = {isa = PBXFileReference; fileEncoding = 4; lastKnownFileType = text; path = main.nu; sourceTree = "<group>"; };
		22956E0E12B9E31C00B42E63 /* mach_override.c */ = {isa = PBXFileReference; fileEncoding = 4; lastKnownFileType = sourcecode.c.c; path = mach_override.c; sourceTree = "<group>"; };
		22956E0F12B9E31C00B42E63 /* mach_override.h */ = {isa = PBXFileReference; fileEncoding = 4; lastKnownFileType = sourcecode.c.h; path = mach_override.h; sourceTree = "<group>"; };
		22956E1012B9E31C00B42E63 /* Nu.m */ = {isa = PBXFileReference; fileEncoding = 4; lastKnownFileType = sourcecode.c.objc; path = Nu.m; sourceTree = "<group>"; };
		22956E1112B9E31C00B42E63 /* NuBlock.h */ = {isa = PBXFileReference; fileEncoding = 4; lastKnownFileType = sourcecode.c.h; path = NuBlock.h; sourceTree = "<group>"; };
		22956E1212B9E31C00B42E63 /* NuBlock.m */ = {isa = PBXFileReference; fileEncoding = 4; lastKnownFileType = sourcecode.c.objc; path = NuBlock.m; sourceTree = "<group>"; };
		22956E1312B9E31C00B42E63 /* NuBridge.h */ = {isa = PBXFileReference; fileEncoding = 4; lastKnownFileType = sourcecode.c.h; path = NuBridge.h; sourceTree = "<group>"; };
		22956E1412B9E31C00B42E63 /* NuBridge.m */ = {isa = PBXFileReference; fileEncoding = 4; lastKnownFileType = sourcecode.c.objc; path = NuBridge.m; sourceTree = "<group>"; };
		22956E1512B9E31C00B42E63 /* NuBridgeSupport.h */ = {isa = PBXFileReference; fileEncoding = 4; lastKnownFileType = sourcecode.c.h; path = NuBridgeSupport.h; sourceTree = "<group>"; };
		22956E1612B9E31C00B42E63 /* NuBridgeSupport.m */ = {isa = PBXFileReference; fileEncoding = 4; lastKnownFileType = sourcecode.c.objc; path = NuBridgeSupport.m; sourceTree = "<group>"; };
		22956E1712B9E31C00B42E63 /* NuCell.h */ = {isa = PBXFileReference; fileEncoding = 4; lastKnownFileType = sourcecode.c.h; path = NuCell.h; sourceTree = "<group>"; };
		22956E1812B9E31C00B42E63 /* NuCell.m */ = {isa = PBXFileReference; fileEncoding = 4; lastKnownFileType = sourcecode.c.objc; path = NuCell.m; sourceTree = "<group>"; };
		22956E1912B9E31C00B42E63 /* NuClass.h */ = {isa = PBXFileReference; fileEncoding = 4; lastKnownFileType = sourcecode.c.h; path = NuClass.h; sourceTree = "<group>"; };
		22956E1A12B9E31C00B42E63 /* NuClass.m */ = {isa = PBXFileReference; fileEncoding = 4; lastKnownFileType = sourcecode.c.objc; path = NuClass.m; sourceTree = "<group>"; };
		22956E1C12B9E31C00B42E63 /* NuDtrace.h */ = {isa = PBXFileReference; fileEncoding = 4; lastKnownFileType = sourcecode.c.h; path = NuDtrace.h; sourceTree = "<group>"; };
		22956E1D12B9E31C00B42E63 /* NuEnumerable.h */ = {isa = PBXFileReference; fileEncoding = 4; lastKnownFileType = sourcecode.c.h; path = NuEnumerable.h; sourceTree = "<group>"; };
		22956E1E12B9E31C00B42E63 /* NuEnumerable.m */ = {isa = PBXFileReference; fileEncoding = 4; lastKnownFileType = sourcecode.c.objc; path = NuEnumerable.m; sourceTree = "<group>"; };
		22956E1F12B9E31C00B42E63 /* NuException.h */ = {isa = PBXFileReference; fileEncoding = 4; lastKnownFileType = sourcecode.c.h; path = NuException.h; sourceTree = "<group>"; };
		22956E2012B9E31C00B42E63 /* NuException.m */ = {isa = PBXFileReference; fileEncoding = 4; lastKnownFileType = sourcecode.c.objc; path = NuException.m; sourceTree = "<group>"; };
		22956E2112B9E31C00B42E63 /* NuExtensions.h */ = {isa = PBXFileReference; fileEncoding = 4; lastKnownFileType = sourcecode.c.h; path = NuExtensions.h; sourceTree = "<group>"; };
		22956E2212B9E31C00B42E63 /* NuExtensions.m */ = {isa = PBXFileReference; fileEncoding = 4; lastKnownFileType = sourcecode.c.objc; path = NuExtensions.m; sourceTree = "<group>"; };
		22956E2312B9E31C00B42E63 /* NuHandler.h */ = {isa = PBXFileReference; fileEncoding = 4; lastKnownFileType = sourcecode.c.h; path = NuHandler.h; sourceTree = "<group>"; };
		22956E2412B9E31C00B42E63 /* NuHandler.m */ = {isa = PBXFileReference; fileEncoding = 4; lastKnownFileType = sourcecode.c.objc; path = NuHandler.m; sourceTree = "<group>"; };
		22956E2512B9E31C00B42E63 /* NuInternals.h */ = {isa = PBXFileReference; fileEncoding = 4; lastKnownFileType = sourcecode.c.h; path = NuInternals.h; sourceTree = "<group>"; };
		22956E2612B9E31C00B42E63 /* NuIvars.m */ = {isa = PBXFileReference; fileEncoding = 4; lastKnownFileType = sourcecode.c.objc; path = NuIvars.m; sourceTree = "<group>"; };
		22956E2712B9E31C00B42E63 /* NuMacro_0.h */ = {isa = PBXFileReference; fileEncoding = 4; lastKnownFileType = sourcecode.c.h; path = NuMacro_0.h; sourceTree = "<group>"; };
		22956E2812B9E31C00B42E63 /* NuMacro_0.m */ = {isa = PBXFileReference; fileEncoding = 4; lastKnownFileType = sourcecode.c.objc; path = NuMacro_0.m; sourceTree = "<group>"; };
		22956E2912B9E31C00B42E63 /* NuMacro_1.h */ = {isa = PBXFileReference; fileEncoding = 4; lastKnownFileType = sourcecode.c.h; path = NuMacro_1.h; sourceTree = "<group>"; };
		22956E2A12B9E31C00B42E63 /* NuMacro_1.m */ = {isa = PBXFileReference; fileEncoding = 4; lastKnownFileType = sourcecode.c.objc; path = NuMacro_1.m; sourceTree = "<group>"; };
		22956E2B12B9E31C00B42E63 /* NuMain.h */ = {isa = PBXFileReference; fileEncoding = 4; lastKnownFileType = sourcecode.c.h; path = NuMain.h; sourceTree = "<group>"; };
		22956E2C12B9E31C00B42E63 /* NuMethod.h */ = {isa = PBXFileReference; fileEncoding = 4; lastKnownFileType = sourcecode.c.h; path = NuMethod.h; sourceTree = "<group>"; };
		22956E2D12B9E31C00B42E63 /* NuMethod.m */ = {isa = PBXFileReference; fileEncoding = 4; lastKnownFileType = sourcecode.c.objc; path = NuMethod.m; sourceTree = "<group>"; };
		22956E2E12B9E31C00B42E63 /* NuObjCRuntime.h */ = {isa = PBXFileReference; fileEncoding = 4; lastKnownFileType = sourcecode.c.h; path = NuObjCRuntime.h; sourceTree = "<group>"; };
		22956E2F12B9E31C00B42E63 /* NuObjCRuntime.m */ = {isa = PBXFileReference; fileEncoding = 4; lastKnownFileType = sourcecode.c.objc; path = NuObjCRuntime.m; sourceTree = "<group>"; };
		22956E3012B9E31C00B42E63 /* NuObject.h */ = {isa = PBXFileReference; fileEncoding = 4; lastKnownFileType = sourcecode.c.h; path = NuObject.h; sourceTree = "<group>"; };
		22956E3112B9E31C00B42E63 /* NuObject.m */ = {isa = PBXFileReference; fileEncoding = 4; lastKnownFileType = sourcecode.c.objc; path = NuObject.m; sourceTree = "<group>"; };
		22956E3212B9E31C00B42E63 /* NuOperator.h */ = {isa = PBXFileReference; fileEncoding = 4; lastKnownFileType = sourcecode.c.h; path = NuOperator.h; sourceTree = "<group>"; };
		22956E3312B9E31C00B42E63 /* NuOperator.m */ = {isa = PBXFileReference; fileEncoding = 4; lastKnownFileType = sourcecode.c.objc; path = NuOperator.m; sourceTree = "<group>"; };
		22956E3412B9E31C00B42E63 /* NuOverrides.m */ = {isa = PBXFileReference; fileEncoding = 4; lastKnownFileType = sourcecode.c.objc; path = NuOverrides.m; sourceTree = "<group>"; };
		22956E3512B9E31C00B42E63 /* NuParser.h */ = {isa = PBXFileReference; fileEncoding = 4; lastKnownFileType = sourcecode.c.h; path = NuParser.h; sourceTree = "<group>"; };
		22956E3612B9E31C00B42E63 /* NuParser.m */ = {isa = PBXFileReference; fileEncoding = 4; lastKnownFileType = sourcecode.c.objc; path = NuParser.m; sourceTree = "<group>"; };
		22956E3712B9E31C00B42E63 /* NuPointer.h */ = {isa = PBXFileReference; fileEncoding = 4; lastKnownFileType = sourcecode.c.h; path = NuPointer.h; sourceTree = "<group>"; };
		22956E3812B9E31C00B42E63 /* NuPointer.m */ = {isa = PBXFileReference; fileEncoding = 4; lastKnownFileType = sourcecode.c.objc; path = NuPointer.m; sourceTree = "<group>"; };
		22956E3912B9E31C00B42E63 /* NuProfiler.h */ = {isa = PBXFileReference; fileEncoding = 4; lastKnownFileType = sourcecode.c.h; path = NuProfiler.h; sourceTree = "<group>"; };
		22956E3A12B9E31C00B42E63 /* NuProfiler.m */ = {isa = PBXFileReference; fileEncoding = 4; lastKnownFileType = sourcecode.c.objc; path = NuProfiler.m; sourceTree = "<group>"; };
		22956E3B12B9E31C00B42E63 /* NuProtocol.m */ = {isa = PBXFileReference; fileEncoding = 4; lastKnownFileType = sourcecode.c.objc; path = NuProtocol.m; sourceTree = "<group>"; };
		22956E3C12B9E31C00B42E63 /* NuReference.h */ = {isa = PBXFileReference; fileEncoding = 4; lastKnownFileType = sourcecode.c.h; path = NuReference.h; sourceTree = "<group>"; };
		22956E3D12B9E31C00B42E63 /* NuReference.m */ = {isa = PBXFileReference; fileEncoding = 4; lastKnownFileType = sourcecode.c.objc; path = NuReference.m; sourceTree = "<group>"; };
		22956E3E12B9E31C00B42E63 /* NuRegex.h */ = {isa = PBXFileReference; fileEncoding = 4; lastKnownFileType = sourcecode.c.h; path = NuRegex.h; sourceTree = "<group>"; };
		22956E3F12B9E31C00B42E63 /* NuRegex.m */ = {isa = PBXFileReference; fileEncoding = 4; lastKnownFileType = sourcecode.c.objc; path = NuRegex.m; sourceTree = "<group>"; };
		22956E4012B9E31C00B42E63 /* NuStack.h */ = {isa = PBXFileReference; fileEncoding = 4; lastKnownFileType = sourcecode.c.h; path = NuStack.h; sourceTree = "<group>"; };
		22956E4112B9E31C00B42E63 /* NuStack.m */ = {isa = PBXFileReference; fileEncoding = 4; lastKnownFileType = sourcecode.c.objc; path = NuStack.m; sourceTree = "<group>"; };
		22956E4212B9E31C00B42E63 /* NuSuper.h */ = {isa = PBXFileReference; fileEncoding = 4; lastKnownFileType = sourcecode.c.h; path = NuSuper.h; sourceTree = "<group>"; };
		22956E4312B9E31C00B42E63 /* NuSuper.m */ = {isa = PBXFileReference; fileEncoding = 4; lastKnownFileType = sourcecode.c.objc; path = NuSuper.m; sourceTree = "<group>"; };
		22956E4412B9E31C00B42E63 /* NuSwizzles.m */ = {isa = PBXFileReference; fileEncoding = 4; lastKnownFileType = sourcecode.c.objc; path = NuSwizzles.m; sourceTree = "<group>"; };
		22956E4512B9E31C00B42E63 /* NuSymbol.h */ = {isa = PBXFileReference; fileEncoding = 4; lastKnownFileType = sourcecode.c.h; path = NuSymbol.h; sourceTree = "<group>"; };
		22956E4612B9E31C00B42E63 /* NuSymbol.m */ = {isa = PBXFileReference; fileEncoding = 4; lastKnownFileType = sourcecode.c.objc; path = NuSymbol.m; sourceTree = "<group>"; };
		22956E4712B9E31C00B42E63 /* NuTestHelper.m */ = {isa = PBXFileReference; fileEncoding = 4; lastKnownFileType = sourcecode.c.objc; path = NuTestHelper.m; sourceTree = "<group>"; };
		22956E4812B9E31C00B42E63 /* NuTypes.h */ = {isa = PBXFileReference; fileEncoding = 4; lastKnownFileType = sourcecode.c.h; path = NuTypes.h; sourceTree = "<group>"; };
		22956E4912B9E31C00B42E63 /* NuVersion.h */ = {isa = PBXFileReference; fileEncoding = 4; lastKnownFileType = sourcecode.c.h; path = NuVersion.h; sourceTree = "<group>"; };
		22956E4A12B9E31C00B42E63 /* st.c */ = {isa = PBXFileReference; fileEncoding = 4; lastKnownFileType = sourcecode.c.c; path = st.c; sourceTree = "<group>"; };
		22956E4B12B9E31C00B42E63 /* st.h */ = {isa = PBXFileReference; fileEncoding = 4; lastKnownFileType = sourcecode.c.h; path = st.h; sourceTree = "<group>"; };
		22A2932D11DE8450008B1084 /* handlers.m */ = {isa = PBXFileReference; fileEncoding = 4; lastKnownFileType = sourcecode.c.objc; name = handlers.m; path = ../../util/handlers.m; sourceTree = "<group>"; };
		22E7304811AB5E210014052A /* main.m */ = {isa = PBXFileReference; fileEncoding = 4; lastKnownFileType = sourcecode.c.objc; path = main.m; sourceTree = "<group>"; };
/* End PBXFileReference section */

/* Begin PBXFrameworksBuildPhase section */
		1D60588F0D05DD3D006BFB54 /* Frameworks */ = {
			isa = PBXFrameworksBuildPhase;
			buildActionMask = 2147483647;
			files = (
				1D60589F0D05DD5A006BFB54 /* Foundation.framework in Frameworks */,
				1DF5F4E00D08C38300B7A737 /* UIKit.framework in Frameworks */,
			);
			runOnlyForDeploymentPostprocessing = 0;
		};
/* End PBXFrameworksBuildPhase section */

/* Begin PBXGroup section */
		19C28FACFE9D520D11CA2CBB /* Products */ = {
			isa = PBXGroup;
			children = (
				1D6058910D05DD3D006BFB54 /* NuApp.app */,
			);
			name = Products;
			sourceTree = "<group>";
		};
		228307CE11DE5E4F00A5C690 /* libffi */ = {
			isa = PBXGroup;
			children = (
				228307CF11DE5E4F00A5C690 /* ffi-iphone.c */,
				228307D011DE5E4F00A5C690 /* ffi-iphone.h */,
				228307D111DE5E4F00A5C690 /* ffi-iphonesimulator.c */,
				228307D211DE5E4F00A5C690 /* ffi-iphonesimulator.h */,
				228307D311DE5E4F00A5C690 /* ffi.h */,
				228307D411DE5E4F00A5C690 /* ffi_common.h */,
				228307D511DE5E4F00A5C690 /* fficonfig.h */,
				228307D611DE5E4F00A5C690 /* ffitarget-iphone.h */,
				228307D711DE5E4F00A5C690 /* ffitarget-iphonesimulator.h */,
				228307D811DE5E4F00A5C690 /* ffitarget.h */,
				228307D911DE5E4F00A5C690 /* iphone-sysv.S */,
				228307DA11DE5E4F00A5C690 /* iphonesimulator-darwin.S */,
				228307DC11DE5E4F00A5C690 /* prep_cif.c */,
				228307DD11DE5E4F00A5C690 /* raw_api.c */,
				228307DF11DE5E4F00A5C690 /* types.c */,
			);
			name = libffi;
			path = ../libffi;
			sourceTree = SOURCE_ROOT;
		};
		228307EF11DE5E9D00A5C690 /* pcre */ = {
			isa = PBXGroup;
			children = (
				228307F011DE5E9D00A5C690 /* config.h */,
				228307F211DE5E9D00A5C690 /* pcre.h */,
				228307F311DE5E9D00A5C690 /* pcre_chartables.c */,
				228307F511DE5E9D00A5C690 /* pcre_compile.c */,
				228307F711DE5E9D00A5C690 /* pcre_config.c */,
				228307F911DE5E9D00A5C690 /* pcre_dfa_exec.c */,
				228307FB11DE5E9D00A5C690 /* pcre_exec.c */,
				228307FD11DE5E9D00A5C690 /* pcre_fullinfo.c */,
				228307FF11DE5E9D00A5C690 /* pcre_get.c */,
				2283080111DE5E9D00A5C690 /* pcre_globals.c */,
				2283080311DE5E9D00A5C690 /* pcre_info.c */,
				2283080511DE5E9D00A5C690 /* pcre_internal.h */,
				2283080611DE5E9D00A5C690 /* pcre_maketables.c */,
				2283080811DE5E9D00A5C690 /* pcre_newline.c */,
				2283080A11DE5E9D00A5C690 /* pcre_ord2utf8.c */,
				2283080C11DE5E9D00A5C690 /* pcre_refcount.c */,
				2283080E11DE5E9D00A5C690 /* pcre_scanner.h */,
				2283080F11DE5E9D00A5C690 /* pcre_stringpiece.h */,
				2283081011DE5E9D00A5C690 /* pcre_study.c */,
				2283081211DE5E9D00A5C690 /* pcre_tables.c */,
				2283081411DE5E9D00A5C690 /* pcre_try_flipped.c */,
				2283081611DE5E9D00A5C690 /* pcre_ucd.c */,
				2283081811DE5E9D00A5C690 /* pcre_valid_utf8.c */,
				2283081A11DE5E9D00A5C690 /* pcre_version.c */,
				2283081C11DE5E9D00A5C690 /* pcre_xclass.c */,
				2283081E11DE5E9D00A5C690 /* pcrecpp.h */,
				2283081F11DE5E9D00A5C690 /* pcrecpp_internal.h */,
				2283082011DE5E9D00A5C690 /* pcrecpparg.h */,
				2283082111DE5E9D00A5C690 /* pcreposix.c */,
				2283082211DE5E9D00A5C690 /* pcreposix.h */,
				2283082511DE5E9D00A5C690 /* ucp.h */,
			);
			name = pcre;
			path = ../../pcre;
			sourceTree = SOURCE_ROOT;
		};
		2283087211DE5F0100A5C690 /* objc */ = {
			isa = PBXGroup;
			children = (
				22956E0E12B9E31C00B42E63 /* mach_override.c */,
				22956E0F12B9E31C00B42E63 /* mach_override.h */,
				22956E1012B9E31C00B42E63 /* Nu.m */,
				22956E1112B9E31C00B42E63 /* NuBlock.h */,
				22956E1212B9E31C00B42E63 /* NuBlock.m */,
				22956E1312B9E31C00B42E63 /* NuBridge.h */,
				22956E1412B9E31C00B42E63 /* NuBridge.m */,
				22956E1512B9E31C00B42E63 /* NuBridgeSupport.h */,
				22956E1612B9E31C00B42E63 /* NuBridgeSupport.m */,
				22956E1712B9E31C00B42E63 /* NuCell.h */,
				22956E1812B9E31C00B42E63 /* NuCell.m */,
				22956E1912B9E31C00B42E63 /* NuClass.h */,
				22956E1A12B9E31C00B42E63 /* NuClass.m */,
				22956E1C12B9E31C00B42E63 /* NuDtrace.h */,
				22956E1D12B9E31C00B42E63 /* NuEnumerable.h */,
				22956E1E12B9E31C00B42E63 /* NuEnumerable.m */,
				22956E1F12B9E31C00B42E63 /* NuException.h */,
				22956E2012B9E31C00B42E63 /* NuException.m */,
				22956E2112B9E31C00B42E63 /* NuExtensions.h */,
				22956E2212B9E31C00B42E63 /* NuExtensions.m */,
				22956E2312B9E31C00B42E63 /* NuHandler.h */,
				22956E2412B9E31C00B42E63 /* NuHandler.m */,
				22956E2512B9E31C00B42E63 /* NuInternals.h */,
				22956E2612B9E31C00B42E63 /* NuIvars.m */,
				22956E2712B9E31C00B42E63 /* NuMacro_0.h */,
				22956E2812B9E31C00B42E63 /* NuMacro_0.m */,
				22956E2912B9E31C00B42E63 /* NuMacro_1.h */,
				22956E2A12B9E31C00B42E63 /* NuMacro_1.m */,
				22956E2B12B9E31C00B42E63 /* NuMain.h */,
				22956E2C12B9E31C00B42E63 /* NuMethod.h */,
				22956E2D12B9E31C00B42E63 /* NuMethod.m */,
				22956E2E12B9E31C00B42E63 /* NuObjCRuntime.h */,
				22956E2F12B9E31C00B42E63 /* NuObjCRuntime.m */,
				22956E3012B9E31C00B42E63 /* NuObject.h */,
				22956E3112B9E31C00B42E63 /* NuObject.m */,
				22956E3212B9E31C00B42E63 /* NuOperator.h */,
				22956E3312B9E31C00B42E63 /* NuOperator.m */,
				22956E3412B9E31C00B42E63 /* NuOverrides.m */,
				22956E3512B9E31C00B42E63 /* NuParser.h */,
				22956E3612B9E31C00B42E63 /* NuParser.m */,
				22956E3712B9E31C00B42E63 /* NuPointer.h */,
				22956E3812B9E31C00B42E63 /* NuPointer.m */,
				22956E3912B9E31C00B42E63 /* NuProfiler.h */,
				22956E3A12B9E31C00B42E63 /* NuProfiler.m */,
				22956E3B12B9E31C00B42E63 /* NuProtocol.m */,
				22956E3C12B9E31C00B42E63 /* NuReference.h */,
				22956E3D12B9E31C00B42E63 /* NuReference.m */,
				22956E3E12B9E31C00B42E63 /* NuRegex.h */,
				22956E3F12B9E31C00B42E63 /* NuRegex.m */,
				22956E4012B9E31C00B42E63 /* NuStack.h */,
				22956E4112B9E31C00B42E63 /* NuStack.m */,
				22956E4212B9E31C00B42E63 /* NuSuper.h */,
				22956E4312B9E31C00B42E63 /* NuSuper.m */,
				22956E4412B9E31C00B42E63 /* NuSwizzles.m */,
				22956E4512B9E31C00B42E63 /* NuSymbol.h */,
				22956E4612B9E31C00B42E63 /* NuSymbol.m */,
				22956E4712B9E31C00B42E63 /* NuTestHelper.m */,
				22956E4812B9E31C00B42E63 /* NuTypes.h */,
				22956E4912B9E31C00B42E63 /* NuVersion.h */,
				22956E4A12B9E31C00B42E63 /* st.c */,
				22956E4B12B9E31C00B42E63 /* st.h */,
			);
			name = objc;
			path = ../../objc;
			sourceTree = SOURCE_ROOT;
		};
		22C003A211AB604B009E6408 /* Resources */ = {
			isa = PBXGroup;
			children = (
				228307EB11DE5E8A00A5C690 /* Info.plist */,
				222BF10A11DE8BCD00E20A3F /* Icon.png */,
			);
			path = Resources;
			sourceTree = "<group>";
		};
		22E7304411AB5E210014052A /* Source */ = {
			isa = PBXGroup;
			children = (
				22E7304511AB5E210014052A /* Main */,
			);
			path = Source;
			sourceTree = "<group>";
		};
		22E7304511AB5E210014052A /* Main */ = {
			isa = PBXGroup;
			children = (
				22E7304811AB5E210014052A /* main.m */,
			);
			path = Main;
			sourceTree = "<group>";
		};
		29B97314FDCFA39411CA2CEA /* CustomTemplate */ = {
			isa = PBXGroup;
			children = (
				22A2932D11DE8450008B1084 /* handlers.m */,
				2283087211DE5F0100A5C690 /* objc */,
				228307EF11DE5E9D00A5C690 /* pcre */,
				228307CE11DE5E4F00A5C690 /* libffi */,
				22E7304411AB5E210014052A /* Source */,
				22C003A211AB604B009E6408 /* Resources */,
				29B97323FDCFA39411CA2CEA /* Frameworks */,
				19C28FACFE9D520D11CA2CBB /* Products */,
				2283091911DE6B7800A5C690 /* main.nu */,
			);
			name = CustomTemplate;
			sourceTree = "<group>";
		};
		29B97323FDCFA39411CA2CEA /* Frameworks */ = {
			isa = PBXGroup;
			children = (
				1DF5F4DF0D08C38300B7A737 /* UIKit.framework */,
				1D30AB110D05D00D00671497 /* Foundation.framework */,
			);
			name = Frameworks;
			sourceTree = "<group>";
		};
/* End PBXGroup section */

/* Begin PBXNativeTarget section */
		1D6058900D05DD3D006BFB54 /* NuApp */ = {
			isa = PBXNativeTarget;
			buildConfigurationList = 1D6058960D05DD3E006BFB54 /* Build configuration list for PBXNativeTarget "NuApp" */;
			buildPhases = (
				1D60588D0D05DD3D006BFB54 /* Resources */,
				1D60588E0D05DD3D006BFB54 /* Sources */,
				1D60588F0D05DD3D006BFB54 /* Frameworks */,
			);
			buildRules = (
			);
			dependencies = (
			);
			name = NuApp;
			productName = NuApp;
			productReference = 1D6058910D05DD3D006BFB54 /* NuApp.app */;
			productType = "com.apple.product-type.application";
		};
/* End PBXNativeTarget section */

/* Begin PBXProject section */
		29B97313FDCFA39411CA2CEA /* Project object */ = {
			isa = PBXProject;
			buildConfigurationList = C01FCF4E08A954540054247B /* Build configuration list for PBXProject "NuApp" */;
			compatibilityVersion = "Xcode 3.1";
			developmentRegion = English;
			hasScannedForEncodings = 1;
			knownRegions = (
				English,
				Japanese,
				French,
				German,
			);
			mainGroup = 29B97314FDCFA39411CA2CEA /* CustomTemplate */;
			projectDirPath = "";
			projectRoot = "";
			targets = (
				1D6058900D05DD3D006BFB54 /* NuApp */,
			);
		};
/* End PBXProject section */

/* Begin PBXResourcesBuildPhase section */
		1D60588D0D05DD3D006BFB54 /* Resources */ = {
			isa = PBXResourcesBuildPhase;
			buildActionMask = 2147483647;
			files = (
				22A292B411DE6E18008B1084 /* main.nu in Resources */,
				222BF10B11DE8BCD00E20A3F /* Icon.png in Resources */,
			);
			runOnlyForDeploymentPostprocessing = 0;
		};
/* End PBXResourcesBuildPhase section */

/* Begin PBXSourcesBuildPhase section */
		1D60588E0D05DD3D006BFB54 /* Sources */ = {
			isa = PBXSourcesBuildPhase;
			buildActionMask = 2147483647;
			files = (
				22E7304A11AB5E210014052A /* main.m in Sources */,
				228307E011DE5E4F00A5C690 /* ffi-iphone.c in Sources */,
				228307E111DE5E4F00A5C690 /* ffi-iphonesimulator.c in Sources */,
				228307E211DE5E4F00A5C690 /* iphone-sysv.S in Sources */,
				228307E311DE5E4F00A5C690 /* iphonesimulator-darwin.S in Sources */,
				228307E511DE5E4F00A5C690 /* prep_cif.c in Sources */,
				228307E611DE5E4F00A5C690 /* raw_api.c in Sources */,
				228307E811DE5E4F00A5C690 /* types.c in Sources */,
				2283082711DE5E9D00A5C690 /* pcre_chartables.c in Sources */,
				2283082911DE5E9D00A5C690 /* pcre_compile.c in Sources */,
				2283082B11DE5E9D00A5C690 /* pcre_config.c in Sources */,
				2283082D11DE5E9D00A5C690 /* pcre_dfa_exec.c in Sources */,
				2283082F11DE5E9D00A5C690 /* pcre_exec.c in Sources */,
				2283083111DE5E9D00A5C690 /* pcre_fullinfo.c in Sources */,
				2283083311DE5E9D00A5C690 /* pcre_get.c in Sources */,
				2283083511DE5E9D00A5C690 /* pcre_globals.c in Sources */,
				2283083711DE5E9D00A5C690 /* pcre_info.c in Sources */,
				2283083911DE5E9D00A5C690 /* pcre_maketables.c in Sources */,
				2283083B11DE5E9D00A5C690 /* pcre_newline.c in Sources */,
				2283083D11DE5E9D00A5C690 /* pcre_ord2utf8.c in Sources */,
				2283083F11DE5E9D00A5C690 /* pcre_refcount.c in Sources */,
				2283084111DE5E9D00A5C690 /* pcre_study.c in Sources */,
				2283084311DE5E9D00A5C690 /* pcre_tables.c in Sources */,
				2283084511DE5E9D00A5C690 /* pcre_try_flipped.c in Sources */,
				2283084711DE5E9D00A5C690 /* pcre_ucd.c in Sources */,
				2283084911DE5E9D00A5C690 /* pcre_valid_utf8.c in Sources */,
				2283084B11DE5E9D00A5C690 /* pcre_version.c in Sources */,
				2283084D11DE5E9D00A5C690 /* pcre_xclass.c in Sources */,
				2283084F11DE5E9D00A5C690 /* pcreposix.c in Sources */,
				22A2932E11DE8450008B1084 /* handlers.m in Sources */,
				22956E4C12B9E31C00B42E63 /* mach_override.c in Sources */,
				22956E4D12B9E31C00B42E63 /* Nu.m in Sources */,
				22956E4E12B9E31C00B42E63 /* NuBlock.m in Sources */,
				22956E4F12B9E31C00B42E63 /* NuBridge.m in Sources */,
				22956E5012B9E31C00B42E63 /* NuBridgeSupport.m in Sources */,
				22956E5112B9E31C00B42E63 /* NuCell.m in Sources */,
				22956E5212B9E31C00B42E63 /* NuClass.m in Sources */,
				22956E5412B9E31C00B42E63 /* NuEnumerable.m in Sources */,
				22956E5512B9E31C00B42E63 /* NuException.m in Sources */,
				22956E5612B9E31C00B42E63 /* NuExtensions.m in Sources */,
				22956E5712B9E31C00B42E63 /* NuHandler.m in Sources */,
				22956E5812B9E31C00B42E63 /* NuIvars.m in Sources */,
				22956E5912B9E31C00B42E63 /* NuMacro_0.m in Sources */,
				22956E5A12B9E31C00B42E63 /* NuMacro_1.m in Sources */,
				22956E5B12B9E31C00B42E63 /* NuMethod.m in Sources */,
				22956E5C12B9E31C00B42E63 /* NuObjCRuntime.m in Sources */,
				22956E5D12B9E31C00B42E63 /* NuObject.m in Sources */,
				22956E5E12B9E31C00B42E63 /* NuOperator.m in Sources */,
				22956E5F12B9E31C00B42E63 /* NuOverrides.m in Sources */,
				22956E6012B9E31C00B42E63 /* NuParser.m in Sources */,
				22956E6112B9E31C00B42E63 /* NuPointer.m in Sources */,
				22956E6212B9E31C00B42E63 /* NuProfiler.m in Sources */,
				22956E6312B9E31C00B42E63 /* NuProtocol.m in Sources */,
				22956E6412B9E31C00B42E63 /* NuReference.m in Sources */,
				22956E6512B9E31C00B42E63 /* NuRegex.m in Sources */,
				22956E6612B9E31C00B42E63 /* NuStack.m in Sources */,
				22956E6712B9E31C00B42E63 /* NuSuper.m in Sources */,
				22956E6812B9E31C00B42E63 /* NuSwizzles.m in Sources */,
				22956E6912B9E31C00B42E63 /* NuSymbol.m in Sources */,
				22956E6A12B9E31C00B42E63 /* NuTestHelper.m in Sources */,
				22956E6B12B9E31C00B42E63 /* st.c in Sources */,
			);
			runOnlyForDeploymentPostprocessing = 0;
		};
/* End PBXSourcesBuildPhase section */

/* Begin XCBuildConfiguration section */
		1D6058940D05DD3E006BFB54 /* Debug */ = {
			isa = XCBuildConfiguration;
			buildSettings = {
				ALWAYS_SEARCH_USER_PATHS = NO;
				COPY_PHASE_STRIP = NO;
				GCC_DYNAMIC_NO_PIC = NO;
				GCC_OPTIMIZATION_LEVEL = 0;
				GCC_PRECOMPILE_PREFIX_HEADER = YES;
				GCC_PREFIX_HEADER = Source/Main/Prefix.pch;
				INFOPLIST_FILE = Resources/Info.plist;
				PRODUCT_NAME = NuApp;
			};
			name = Debug;
		};
		1D6058950D05DD3E006BFB54 /* Release */ = {
			isa = XCBuildConfiguration;
			buildSettings = {
				ALWAYS_SEARCH_USER_PATHS = NO;
				COPY_PHASE_STRIP = YES;
				GCC_PRECOMPILE_PREFIX_HEADER = YES;
				GCC_PREFIX_HEADER = Source/Main/Prefix.pch;
				INFOPLIST_FILE = Resources/Info.plist;
				PRODUCT_NAME = NuApp;
				VALIDATE_PRODUCT = YES;
			};
			name = Release;
		};
		C01FCF4F08A954540054247B /* Debug */ = {
			isa = XCBuildConfiguration;
			buildSettings = {
				ARCHS = "$(ARCHS_STANDARD_32_BIT)";
				"CODE_SIGN_IDENTITY[sdk=iphoneos*]" = "iPhone Developer";
				GCC_C_LANGUAGE_STANDARD = c99;
				GCC_PREPROCESSOR_DEFINITIONS = (
					IPHONE,
					DARWIN,
					HAVE_CONFIG_H,
				);
				GCC_WARN_ABOUT_RETURN_TYPE = YES;
				GCC_WARN_UNUSED_VARIABLE = YES;
				HEADER_SEARCH_PATHS = ../../include;
				IPHONEOS_DEPLOYMENT_TARGET = 3.1;
				OTHER_LDFLAGS = "";
				PREBINDING = NO;
				SDKROOT = iphoneos;
				TARGETED_DEVICE_FAMILY = "1,2";
			};
			name = Debug;
		};
		C01FCF5008A954540054247B /* Release */ = {
			isa = XCBuildConfiguration;
			buildSettings = {
				ARCHS = "$(ARCHS_STANDARD_32_BIT)";
				"CODE_SIGN_IDENTITY[sdk=iphoneos*]" = "iPhone Developer";
				GCC_C_LANGUAGE_STANDARD = c99;
				GCC_PREPROCESSOR_DEFINITIONS = (
					IPHONE,
					DARWIN,
					HAVE_CONFIG_H,
				);
				GCC_WARN_ABOUT_RETURN_TYPE = YES;
				GCC_WARN_UNUSED_VARIABLE = YES;
				HEADER_SEARCH_PATHS = ../../include;
				IPHONEOS_DEPLOYMENT_TARGET = 3.1;
				OTHER_CFLAGS = "-DNS_BLOCK_ASSERTIONS=1";
				OTHER_LDFLAGS = "";
				PREBINDING = NO;
				SDKROOT = iphoneos3.2;
				TARGETED_DEVICE_FAMILY = "1,2";
			};
			name = Release;
		};
/* End XCBuildConfiguration section */

/* Begin XCConfigurationList section */
		1D6058960D05DD3E006BFB54 /* Build configuration list for PBXNativeTarget "NuApp" */ = {
			isa = XCConfigurationList;
			buildConfigurations = (
				1D6058940D05DD3E006BFB54 /* Debug */,
				1D6058950D05DD3E006BFB54 /* Release */,
			);
			defaultConfigurationIsVisible = 0;
			defaultConfigurationName = Release;
		};
		C01FCF4E08A954540054247B /* Build configuration list for PBXProject "NuApp" */ = {
			isa = XCConfigurationList;
			buildConfigurations = (
				C01FCF4F08A954540054247B /* Debug */,
				C01FCF5008A954540054247B /* Release */,
			);
			defaultConfigurationIsVisible = 0;
			defaultConfigurationName = Release;
		};
/* End XCConfigurationList section */
	};
	rootObject = 29B97313FDCFA39411CA2CEA /* Project object */;
}
